Microsoft Visual Studio Solution File, Format Version 12.00
# Visual Studio 15
VisualStudioVersion = 15.0.26430.16
MinimumVisualStudioVersion = 10.0.40219.1
Project("{8BC9CEB8-8B4A-11D0-8D11-00A0C91BC942}") = "Notepad3", "src\Notepad3.vcxproj", "{BAAD32AB-CD47-12FD-873C-0BBC204B7641}"
	ProjectSection(ProjectDependencies) = postProject
		{5877B917-512B-49F5-B514-1B4159E7A9CA} = {5877B917-512B-49F5-B514-1B4159E7A9CA}
		{146D0122-33C6-4C1B-9E7A-178DEC80842E} = {146D0122-33C6-4C1B-9E7A-178DEC80842E}
		{C8E80B4C-C0FD-4119-A05A-AB372A61007F} = {C8E80B4C-C0FD-4119-A05A-AB372A61007F}
		{EC255B64-2C2F-4CB6-9D40-4542893FE5E6} = {EC255B64-2C2F-4CB6-9D40-4542893FE5E6}
		{3B8C289D-FF47-4237-AD7B-0702230F41A3} = {3B8C289D-FF47-4237-AD7B-0702230F41A3}
		{ADCA49F0-D91B-4AB9-913A-5840DCA8C79E} = {ADCA49F0-D91B-4AB9-913A-5840DCA8C79E}
	EndProjectSection
EndProject
Project("{8BC9CEB8-8B4A-11D0-8D11-00A0C91BC942}") = "minipath", "minipath\minipath.vcxproj", "{781B17E7-427F-488F-A8E9-360BA38A10F3}"
EndProject
Project("{8BC9CEB8-8B4A-11D0-8D11-00A0C91BC942}") = "Scintilla", "scintilla\Scintilla.vcxproj", "{5877B917-512B-49F5-B514-1B4159E7A9CA}"
EndProject
Project("{8BC9CEB8-8B4A-11D0-8D11-00A0C91BC942}") = "np3encrypt", "np3encrypt\np3encrypt.vcxproj", "{0210F830-26C6-40FC-BFD1-6ED833B90830}"
EndProject
Project("{8BC9CEB8-8B4A-11D0-8D11-00A0C91BC942}") = "ced", "ced\ced.vcxproj", "{12BD16A7-3BD9-4205-99B0-75E821EA7449}"
EndProject
Project("{8BC9CEB8-8B4A-11D0-8D11-00A0C91BC942}") = "np3_de_de", "language\np3_de_de\np3_de_de.vcxproj", "{146D0122-33C6-4C1B-9E7A-178DEC80842E}"
EndProject
Project("{8BC9CEB8-8B4A-11D0-8D11-00A0C91BC942}") = "np3_fr_fr", "language\np3_fr_fr\np3_fr_fr.vcxproj", "{EC255B64-2C2F-4CB6-9D40-4542893FE5E6}"
EndProject
Project("{8BC9CEB8-8B4A-11D0-8D11-00A0C91BC942}") = "np3_en_us", "language\np3_en_us\np3_en_us.vcxproj", "{ADCA49F0-D91B-4AB9-913A-5840DCA8C79E}"
EndProject
Project("{8BC9CEB8-8B4A-11D0-8D11-00A0C91BC942}") = "np3_es_es", "language\np3_es_es\np3_es_es.vcxproj", "{3B8C289D-FF47-4237-AD7B-0702230F41A3}"
EndProject
Project("{8BC9CEB8-8B4A-11D0-8D11-00A0C91BC942}") = "np3_af_af", "language\np3_af_af\np3_af_af.vcxproj", "{C8E80B4C-C0FD-4119-A05A-AB372A61007F}"
EndProject
Global
	GlobalSection(SolutionConfigurationPlatforms) = preSolution
		Debug|Win32 = Debug|Win32
		Debug|x64 = Debug|x64
		Release|Win32 = Release|Win32
		Release|x64 = Release|x64
	EndGlobalSection
	GlobalSection(ProjectConfigurationPlatforms) = postSolution
		{BAAD32AB-CD47-12FD-873C-0BBC204B7641}.Debug|Win32.ActiveCfg = Debug|Win32
		{BAAD32AB-CD47-12FD-873C-0BBC204B7641}.Debug|Win32.Build.0 = Debug|Win32
		{BAAD32AB-CD47-12FD-873C-0BBC204B7641}.Debug|x64.ActiveCfg = Debug|x64
		{BAAD32AB-CD47-12FD-873C-0BBC204B7641}.Debug|x64.Build.0 = Debug|x64
		{BAAD32AB-CD47-12FD-873C-0BBC204B7641}.Release|Win32.ActiveCfg = Release|Win32
		{BAAD32AB-CD47-12FD-873C-0BBC204B7641}.Release|Win32.Build.0 = Release|Win32
		{BAAD32AB-CD47-12FD-873C-0BBC204B7641}.Release|x64.ActiveCfg = Release|x64
		{BAAD32AB-CD47-12FD-873C-0BBC204B7641}.Release|x64.Build.0 = Release|x64
		{781B17E7-427F-488F-A8E9-360BA38A10F3}.Debug|Win32.ActiveCfg = Debug|Win32
		{781B17E7-427F-488F-A8E9-360BA38A10F3}.Debug|Win32.Build.0 = Debug|Win32
		{781B17E7-427F-488F-A8E9-360BA38A10F3}.Debug|Win32.Deploy.0 = Debug|Win32
		{781B17E7-427F-488F-A8E9-360BA38A10F3}.Debug|x64.ActiveCfg = Debug|x64
		{781B17E7-427F-488F-A8E9-360BA38A10F3}.Debug|x64.Build.0 = Debug|x64
		{781B17E7-427F-488F-A8E9-360BA38A10F3}.Debug|x64.Deploy.0 = Debug|x64
		{781B17E7-427F-488F-A8E9-360BA38A10F3}.Release|Win32.ActiveCfg = Release|Win32
		{781B17E7-427F-488F-A8E9-360BA38A10F3}.Release|Win32.Build.0 = Release|Win32
		{781B17E7-427F-488F-A8E9-360BA38A10F3}.Release|Win32.Deploy.0 = Release|Win32
		{781B17E7-427F-488F-A8E9-360BA38A10F3}.Release|x64.ActiveCfg = Release|x64
		{781B17E7-427F-488F-A8E9-360BA38A10F3}.Release|x64.Build.0 = Release|x64
		{781B17E7-427F-488F-A8E9-360BA38A10F3}.Release|x64.Deploy.0 = Release|x64
		{5877B917-512B-49F5-B514-1B4159E7A9CA}.Debug|Win32.ActiveCfg = Debug|Win32
		{5877B917-512B-49F5-B514-1B4159E7A9CA}.Debug|Win32.Build.0 = Debug|Win32
		{5877B917-512B-49F5-B514-1B4159E7A9CA}.Debug|x64.ActiveCfg = Debug|x64
		{5877B917-512B-49F5-B514-1B4159E7A9CA}.Debug|x64.Build.0 = Debug|x64
		{5877B917-512B-49F5-B514-1B4159E7A9CA}.Release|Win32.ActiveCfg = Release|Win32
		{5877B917-512B-49F5-B514-1B4159E7A9CA}.Release|Win32.Build.0 = Release|Win32
		{5877B917-512B-49F5-B514-1B4159E7A9CA}.Release|x64.ActiveCfg = Release|x64
		{5877B917-512B-49F5-B514-1B4159E7A9CA}.Release|x64.Build.0 = Release|x64
		{0210F830-26C6-40FC-BFD1-6ED833B90830}.Debug|Win32.ActiveCfg = Debug|Win32
		{0210F830-26C6-40FC-BFD1-6ED833B90830}.Debug|Win32.Build.0 = Debug|Win32
		{0210F830-26C6-40FC-BFD1-6ED833B90830}.Debug|x64.ActiveCfg = Debug|x64
		{0210F830-26C6-40FC-BFD1-6ED833B90830}.Debug|x64.Build.0 = Debug|x64
		{0210F830-26C6-40FC-BFD1-6ED833B90830}.Release|Win32.ActiveCfg = Release|Win32
		{0210F830-26C6-40FC-BFD1-6ED833B90830}.Release|Win32.Build.0 = Release|Win32
		{0210F830-26C6-40FC-BFD1-6ED833B90830}.Release|x64.ActiveCfg = Release|x64
		{0210F830-26C6-40FC-BFD1-6ED833B90830}.Release|x64.Build.0 = Release|x64
		{12BD16A7-3BD9-4205-99B0-75E821EA7449}.Debug|Win32.ActiveCfg = Debug|Win32
		{12BD16A7-3BD9-4205-99B0-75E821EA7449}.Debug|Win32.Build.0 = Debug|Win32
		{12BD16A7-3BD9-4205-99B0-75E821EA7449}.Debug|x64.ActiveCfg = Debug|x64
		{12BD16A7-3BD9-4205-99B0-75E821EA7449}.Debug|x64.Build.0 = Debug|x64
		{12BD16A7-3BD9-4205-99B0-75E821EA7449}.Release|Win32.ActiveCfg = Release|Win32
		{12BD16A7-3BD9-4205-99B0-75E821EA7449}.Release|Win32.Build.0 = Release|Win32
		{12BD16A7-3BD9-4205-99B0-75E821EA7449}.Release|x64.ActiveCfg = Release|x64
		{12BD16A7-3BD9-4205-99B0-75E821EA7449}.Release|x64.Build.0 = Release|x64
		{146D0122-33C6-4C1B-9E7A-178DEC80842E}.Debug|Win32.ActiveCfg = Debug|Win32
		{146D0122-33C6-4C1B-9E7A-178DEC80842E}.Debug|Win32.Build.0 = Debug|Win32
		{146D0122-33C6-4C1B-9E7A-178DEC80842E}.Debug|x64.ActiveCfg = Debug|x64
		{146D0122-33C6-4C1B-9E7A-178DEC80842E}.Debug|x64.Build.0 = Debug|x64
		{146D0122-33C6-4C1B-9E7A-178DEC80842E}.Release|Win32.ActiveCfg = Release|Win32
		{146D0122-33C6-4C1B-9E7A-178DEC80842E}.Release|Win32.Build.0 = Release|Win32
		{146D0122-33C6-4C1B-9E7A-178DEC80842E}.Release|x64.ActiveCfg = Release|x64
		{146D0122-33C6-4C1B-9E7A-178DEC80842E}.Release|x64.Build.0 = Release|x64
		{EC255B64-2C2F-4CB6-9D40-4542893FE5E6}.Debug|Win32.ActiveCfg = Debug|Win32
		{EC255B64-2C2F-4CB6-9D40-4542893FE5E6}.Debug|Win32.Build.0 = Debug|Win32
		{EC255B64-2C2F-4CB6-9D40-4542893FE5E6}.Debug|x64.ActiveCfg = Debug|x64
		{EC255B64-2C2F-4CB6-9D40-4542893FE5E6}.Debug|x64.Build.0 = Debug|x64
		{EC255B64-2C2F-4CB6-9D40-4542893FE5E6}.Release|Win32.ActiveCfg = Release|Win32
		{EC255B64-2C2F-4CB6-9D40-4542893FE5E6}.Release|Win32.Build.0 = Release|Win32
		{EC255B64-2C2F-4CB6-9D40-4542893FE5E6}.Release|x64.ActiveCfg = Release|x64
		{EC255B64-2C2F-4CB6-9D40-4542893FE5E6}.Release|x64.Build.0 = Release|x64
		{ADCA49F0-D91B-4AB9-913A-5840DCA8C79E}.Debug|Win32.ActiveCfg = Debug|Win32
		{ADCA49F0-D91B-4AB9-913A-5840DCA8C79E}.Debug|Win32.Build.0 = Debug|Win32
		{ADCA49F0-D91B-4AB9-913A-5840DCA8C79E}.Debug|x64.ActiveCfg = Debug|x64
		{ADCA49F0-D91B-4AB9-913A-5840DCA8C79E}.Debug|x64.Build.0 = Debug|x64
		{ADCA49F0-D91B-4AB9-913A-5840DCA8C79E}.Release|Win32.ActiveCfg = Release|Win32
		{ADCA49F0-D91B-4AB9-913A-5840DCA8C79E}.Release|Win32.Build.0 = Release|Win32
		{ADCA49F0-D91B-4AB9-913A-5840DCA8C79E}.Release|x64.ActiveCfg = Release|x64
		{ADCA49F0-D91B-4AB9-913A-5840DCA8C79E}.Release|x64.Build.0 = Release|x64
		{3B8C289D-FF47-4237-AD7B-0702230F41A3}.Debug|Win32.ActiveCfg = Debug|Win32
		{3B8C289D-FF47-4237-AD7B-0702230F41A3}.Debug|Win32.Build.0 = Debug|Win32
		{3B8C289D-FF47-4237-AD7B-0702230F41A3}.Debug|x64.ActiveCfg = Debug|x64
		{3B8C289D-FF47-4237-AD7B-0702230F41A3}.Debug|x64.Build.0 = Debug|x64
		{3B8C289D-FF47-4237-AD7B-0702230F41A3}.Release|Win32.ActiveCfg = Release|Win32
		{3B8C289D-FF47-4237-AD7B-0702230F41A3}.Release|Win32.Build.0 = Release|Win32
		{3B8C289D-FF47-4237-AD7B-0702230F41A3}.Release|x64.ActiveCfg = Release|x64
		{3B8C289D-FF47-4237-AD7B-0702230F41A3}.Release|x64.Build.0 = Release|x64
		{C8E80B4C-C0FD-4119-A05A-AB372A61007F}.Debug|Win32.ActiveCfg = Debug|Win32
		{C8E80B4C-C0FD-4119-A05A-AB372A61007F}.Debug|Win32.Build.0 = Debug|Win32
		{C8E80B4C-C0FD-4119-A05A-AB372A61007F}.Debug|x64.ActiveCfg = Debug|x64
		{C8E80B4C-C0FD-4119-A05A-AB372A61007F}.Debug|x64.Build.0 = Debug|x64
		{C8E80B4C-C0FD-4119-A05A-AB372A61007F}.Release|Win32.ActiveCfg = Release|Win32
		{C8E80B4C-C0FD-4119-A05A-AB372A61007F}.Release|Win32.Build.0 = Release|Win32
		{C8E80B4C-C0FD-4119-A05A-AB372A61007F}.Release|x64.ActiveCfg = Release|x64
		{C8E80B4C-C0FD-4119-A05A-AB372A61007F}.Release|x64.Build.0 = Release|x64
	EndGlobalSection
	GlobalSection(SolutionProperties) = preSolution
		HideSolutionNode = FALSE
	EndGlobalSection
	GlobalSection(ExtensibilityGlobals) = postSolution
		SolutionGuid = {C0B8FE68-ECBC-4173-9027-E1EC2C9B5BDF}
	EndGlobalSection
EndGlobal
