Microsoft Visual Studio Solution File, Format Version 12.00
# Visual Studio 15
VisualStudioVersion = 15.0.26430.16
MinimumVisualStudioVersion = 10.0.40219.1
Project("{8BC9CEB8-8B4A-11D0-8D11-00A0C91BC942}") = "minipath", "minipath.vcxproj", "{781B17E7-427F-488F-A8E9-360BA38A10F3}"
	ProjectSection(ProjectDependencies) = postProject
		{5996B101-46FE-48E4-8531-376140086DA4} = {5996B101-46FE-48E4-8531-376140086DA4}
		{954B9D26-1735-4674-8279-FF2C44E4258B} = {954B9D26-1735-4674-8279-FF2C44E4258B}
		{53DB2F85-DEEA-4FC0-A89F-1DF5B534A250} = {53DB2F85-DEEA-4FC0-A89F-1DF5B534A250}
		{BF3DEE96-735B-4A5E-95DD-3D3661B62EEF} = {BF3DEE96-735B-4A5E-95DD-3D3661B62EEF}
		{E0DEC59F-D155-46D8-8866-9F305CC75A2B} = {E0DEC59F-D155-46D8-8866-9F305CC75A2B}
		{491C39D2-2E1D-4DF7-B6BF-9641B7757FC4} = {491C39D2-2E1D-4DF7-B6BF-9641B7757FC4}
		{29AB36E1-284E-4E0B-9DF4-F4F84760BD9B} = {29AB36E1-284E-4E0B-9DF4-F4F84760BD9B}
	EndProjectSection
EndProject
Project("{8BC9CEB8-8B4A-11D0-8D11-00A0C91BC942}") = "mp_en_us", "language\mp_en_us\mp_en_us.vcxproj", "{29AB36E1-284E-4E0B-9DF4-F4F84760BD9B}"
EndProject
Project("{8BC9CEB8-8B4A-11D0-8D11-00A0C91BC942}") = "mp_en_gb", "language\mp_en_gb\mp_en_gb.vcxproj", "{BF3DEE96-735B-4A5E-95DD-3D3661B62EEF}"
	ProjectSection(ProjectDependencies) = postProject
		{29AB36E1-284E-4E0B-9DF4-F4F84760BD9B} = {29AB36E1-284E-4E0B-9DF4-F4F84760BD9B}
	EndProjectSection
EndProject
Project("{8BC9CEB8-8B4A-11D0-8D11-00A0C91BC942}") = "mp_de_de", "language\mp_de_de\mp_de_de.vcxproj", "{5996B101-46FE-48E4-8531-376140086DA4}"
	ProjectSection(ProjectDependencies) = postProject
		{29AB36E1-284E-4E0B-9DF4-F4F84760BD9B} = {29AB36E1-284E-4E0B-9DF4-F4F84760BD9B}
	EndProjectSection
EndProject
Project("{8BC9CEB8-8B4A-11D0-8D11-00A0C91BC942}") = "mp_af_za", "language\mp_af_za\mp_af_za.vcxproj", "{53DB2F85-DEEA-4FC0-A89F-1DF5B534A250}"
	ProjectSection(ProjectDependencies) = postProject
		{29AB36E1-284E-4E0B-9DF4-F4F84760BD9B} = {29AB36E1-284E-4E0B-9DF4-F4F84760BD9B}
	EndProjectSection
EndProject
Project("{8BC9CEB8-8B4A-11D0-8D11-00A0C91BC942}") = "mp_fr_fr", "language\mp_fr_fr\mp_fr_fr.vcxproj", "{491C39D2-2E1D-4DF7-B6BF-9641B7757FC4}"
	ProjectSection(ProjectDependencies) = postProject
		{29AB36E1-284E-4E0B-9DF4-F4F84760BD9B} = {29AB36E1-284E-4E0B-9DF4-F4F84760BD9B}
	EndProjectSection
EndProject
Project("{8BC9CEB8-8B4A-11D0-8D11-00A0C91BC942}") = "mp_nl_nl", "language\mp_nl_nl\mp_nl_nl.vcxproj", "{E0DEC59F-D155-46D8-8866-9F305CC75A2B}"
	ProjectSection(ProjectDependencies) = postProject
		{29AB36E1-284E-4E0B-9DF4-F4F84760BD9B} = {29AB36E1-284E-4E0B-9DF4-F4F84760BD9B}
	EndProjectSection
EndProject
Project("{8BC9CEB8-8B4A-11D0-8D11-00A0C91BC942}") = "mp_es_es", "language\mp_es_es\mp_es_es.vcxproj", "{954B9D26-1735-4674-8279-FF2C44E4258B}"
	ProjectSection(ProjectDependencies) = postProject
		{29AB36E1-284E-4E0B-9DF4-F4F84760BD9B} = {29AB36E1-284E-4E0B-9DF4-F4F84760BD9B}
	EndProjectSection
EndProject
Global
	GlobalSection(SolutionConfigurationPlatforms) = preSolution
		Debug|Win32 = Debug|Win32
		Debug|x64 = Debug|x64
		Release|Win32 = Release|Win32
		Release|x64 = Release|x64
	EndGlobalSection
	GlobalSection(ProjectConfigurationPlatforms) = postSolution
		{781B17E7-427F-488F-A8E9-360BA38A10F3}.Debug|Win32.ActiveCfg = Debug|Win32
		{781B17E7-427F-488F-A8E9-360BA38A10F3}.Debug|Win32.Build.0 = Debug|Win32
		{781B17E7-427F-488F-A8E9-360BA38A10F3}.Debug|x64.ActiveCfg = Debug|x64
		{781B17E7-427F-488F-A8E9-360BA38A10F3}.Debug|x64.Build.0 = Debug|x64
		{781B17E7-427F-488F-A8E9-360BA38A10F3}.Release|Win32.ActiveCfg = Release|Win32
		{781B17E7-427F-488F-A8E9-360BA38A10F3}.Release|Win32.Build.0 = Release|Win32
		{781B17E7-427F-488F-A8E9-360BA38A10F3}.Release|x64.ActiveCfg = Release|x64
		{781B17E7-427F-488F-A8E9-360BA38A10F3}.Release|x64.Build.0 = Release|x64
		{29AB36E1-284E-4E0B-9DF4-F4F84760BD9B}.Debug|Win32.ActiveCfg = Debug|Win32
		{29AB36E1-284E-4E0B-9DF4-F4F84760BD9B}.Debug|Win32.Build.0 = Debug|Win32
		{29AB36E1-284E-4E0B-9DF4-F4F84760BD9B}.Debug|x64.ActiveCfg = Debug|x64
		{29AB36E1-284E-4E0B-9DF4-F4F84760BD9B}.Debug|x64.Build.0 = Debug|x64
		{29AB36E1-284E-4E0B-9DF4-F4F84760BD9B}.Release|Win32.ActiveCfg = Release|Win32
		{29AB36E1-284E-4E0B-9DF4-F4F84760BD9B}.Release|Win32.Build.0 = Release|Win32
		{29AB36E1-284E-4E0B-9DF4-F4F84760BD9B}.Release|x64.ActiveCfg = Release|x64
		{29AB36E1-284E-4E0B-9DF4-F4F84760BD9B}.Release|x64.Build.0 = Release|x64
		{BF3DEE96-735B-4A5E-95DD-3D3661B62EEF}.Debug|Win32.ActiveCfg = Debug|Win32
		{BF3DEE96-735B-4A5E-95DD-3D3661B62EEF}.Debug|Win32.Build.0 = Debug|Win32
		{BF3DEE96-735B-4A5E-95DD-3D3661B62EEF}.Debug|x64.ActiveCfg = Debug|x64
		{BF3DEE96-735B-4A5E-95DD-3D3661B62EEF}.Debug|x64.Build.0 = Debug|x64
		{BF3DEE96-735B-4A5E-95DD-3D3661B62EEF}.Release|Win32.ActiveCfg = Release|Win32
		{BF3DEE96-735B-4A5E-95DD-3D3661B62EEF}.Release|Win32.Build.0 = Release|Win32
		{BF3DEE96-735B-4A5E-95DD-3D3661B62EEF}.Release|x64.ActiveCfg = Release|x64
		{BF3DEE96-735B-4A5E-95DD-3D3661B62EEF}.Release|x64.Build.0 = Release|x64
		{5996B101-46FE-48E4-8531-376140086DA4}.Debug|Win32.ActiveCfg = Debug|Win32
		{5996B101-46FE-48E4-8531-376140086DA4}.Debug|Win32.Build.0 = Debug|Win32
		{5996B101-46FE-48E4-8531-376140086DA4}.Debug|x64.ActiveCfg = Debug|x64
		{5996B101-46FE-48E4-8531-376140086DA4}.Debug|x64.Build.0 = Debug|x64
		{5996B101-46FE-48E4-8531-376140086DA4}.Release|Win32.ActiveCfg = Release|Win32
		{5996B101-46FE-48E4-8531-376140086DA4}.Release|Win32.Build.0 = Release|Win32
		{5996B101-46FE-48E4-8531-376140086DA4}.Release|x64.ActiveCfg = Release|x64
		{5996B101-46FE-48E4-8531-376140086DA4}.Release|x64.Build.0 = Release|x64
		{53DB2F85-DEEA-4FC0-A89F-1DF5B534A250}.Debug|Win32.ActiveCfg = Debug|Win32
		{53DB2F85-DEEA-4FC0-A89F-1DF5B534A250}.Debug|Win32.Build.0 = Debug|Win32
		{53DB2F85-DEEA-4FC0-A89F-1DF5B534A250}.Debug|x64.ActiveCfg = Debug|x64
		{53DB2F85-DEEA-4FC0-A89F-1DF5B534A250}.Debug|x64.Build.0 = Debug|x64
		{53DB2F85-DEEA-4FC0-A89F-1DF5B534A250}.Release|Win32.ActiveCfg = Release|Win32
		{53DB2F85-DEEA-4FC0-A89F-1DF5B534A250}.Release|Win32.Build.0 = Release|Win32
		{53DB2F85-DEEA-4FC0-A89F-1DF5B534A250}.Release|x64.ActiveCfg = Release|x64
		{53DB2F85-DEEA-4FC0-A89F-1DF5B534A250}.Release|x64.Build.0 = Release|x64
		{491C39D2-2E1D-4DF7-B6BF-9641B7757FC4}.Debug|Win32.ActiveCfg = Debug|Win32
		{491C39D2-2E1D-4DF7-B6BF-9641B7757FC4}.Debug|Win32.Build.0 = Debug|Win32
		{491C39D2-2E1D-4DF7-B6BF-9641B7757FC4}.Debug|x64.ActiveCfg = Debug|x64
		{491C39D2-2E1D-4DF7-B6BF-9641B7757FC4}.Debug|x64.Build.0 = Debug|x64
		{491C39D2-2E1D-4DF7-B6BF-9641B7757FC4}.Release|Win32.ActiveCfg = Release|Win32
		{491C39D2-2E1D-4DF7-B6BF-9641B7757FC4}.Release|Win32.Build.0 = Release|Win32
		{491C39D2-2E1D-4DF7-B6BF-9641B7757FC4}.Release|x64.ActiveCfg = Release|x64
		{491C39D2-2E1D-4DF7-B6BF-9641B7757FC4}.Release|x64.Build.0 = Release|x64
		{E0DEC59F-D155-46D8-8866-9F305CC75A2B}.Debug|Win32.ActiveCfg = Debug|Win32
		{E0DEC59F-D155-46D8-8866-9F305CC75A2B}.Debug|Win32.Build.0 = Debug|Win32
		{E0DEC59F-D155-46D8-8866-9F305CC75A2B}.Debug|x64.ActiveCfg = Debug|x64
		{E0DEC59F-D155-46D8-8866-9F305CC75A2B}.Debug|x64.Build.0 = Debug|x64
		{E0DEC59F-D155-46D8-8866-9F305CC75A2B}.Release|Win32.ActiveCfg = Release|Win32
		{E0DEC59F-D155-46D8-8866-9F305CC75A2B}.Release|Win32.Build.0 = Release|Win32
		{E0DEC59F-D155-46D8-8866-9F305CC75A2B}.Release|x64.ActiveCfg = Release|x64
		{E0DEC59F-D155-46D8-8866-9F305CC75A2B}.Release|x64.Build.0 = Release|x64
		{954B9D26-1735-4674-8279-FF2C44E4258B}.Debug|Win32.ActiveCfg = Debug|Win32
		{954B9D26-1735-4674-8279-FF2C44E4258B}.Debug|Win32.Build.0 = Debug|Win32
		{954B9D26-1735-4674-8279-FF2C44E4258B}.Debug|x64.ActiveCfg = Debug|x64
		{954B9D26-1735-4674-8279-FF2C44E4258B}.Debug|x64.Build.0 = Debug|x64
		{954B9D26-1735-4674-8279-FF2C44E4258B}.Release|Win32.ActiveCfg = Release|Win32
		{954B9D26-1735-4674-8279-FF2C44E4258B}.Release|Win32.Build.0 = Release|Win32
		{954B9D26-1735-4674-8279-FF2C44E4258B}.Release|x64.ActiveCfg = Release|x64
		{954B9D26-1735-4674-8279-FF2C44E4258B}.Release|x64.Build.0 = Release|x64
	EndGlobalSection
	GlobalSection(SolutionProperties) = preSolution
		HideSolutionNode = FALSE
	EndGlobalSection
	GlobalSection(ExtensibilityGlobals) = postSolution
		SolutionGuid = {C0B8FE68-ECBC-4173-9027-E1EC2C9B5BDF}
	EndGlobalSection
EndGlobal
