Microsoft Visual Studio Solution File, Format Version 12.00
# Visual Studio Version 16
VisualStudioVersion = 16.0.28606.126
MinimumVisualStudioVersion = 10.0.40219.1
Project("{2150E333-8FDC-42A3-9474-1A3956D46DE8}") = ".nuget", ".nuget", "{D32CB10B-1891-471D-B780-5445BC67C1E2}"
	ProjectSection(SolutionItems) = preProject
		.nuget\NuGet.Config = .nuget\NuGet.Config
		.nuget\NuGet.exe = .nuget\NuGet.exe
		.nuget\NuGet.targets = .nuget\NuGet.targets
	EndProjectSection
EndProject
Project("{8BC9CEB8-8B4A-11D0-8D11-00A0C91BC942}") = "grepWinNP3", "..\grepWinNP3\grepWinNP3.vcxproj", "{0049F8CF-1BEC-4E6E-B457-0187A33AD522}"
EndProject
Project("{8BC9CEB8-8B4A-11D0-8D11-00A0C91BC942}") = "Notepad3", "..\src\Notepad3DLL.vcxproj", "{BAAD32AB-CD47-12FD-873C-0BBC204B7641}"
	ProjectSection(ProjectDependencies) = postProject
		{4B141102-3379-4F20-A9B0-F7418EFF3DAA} = {4B141102-3379-4F20-A9B0-F7418EFF3DAA}
		{9DC82B0D-2484-4925-92AD-1237C64CCB78} = {9DC82B0D-2484-4925-92AD-1237C64CCB78}
		{8876A80E-C4A6-423B-B279-427C039BDAC8} = {8876A80E-C4A6-423B-B279-427C039BDAC8}
		{5877B917-512B-49F5-B514-1B4159E7A9CA} = {5877B917-512B-49F5-B514-1B4159E7A9CA}
		{146D0122-33C6-4C1B-9E7A-178DEC80842E} = {146D0122-33C6-4C1B-9E7A-178DEC80842E}
		{85333322-C153-4101-89BB-36B8EF86DFEF} = {85333322-C153-4101-89BB-36B8EF86DFEF}
		{0FA07345-601B-474E-99C0-7E61E70DA72E} = {0FA07345-601B-474E-99C0-7E61E70DA72E}
		{C8E80B4C-C0FD-4119-A05A-AB372A61007F} = {C8E80B4C-C0FD-4119-A05A-AB372A61007F}
		{76A53B4D-3011-4AAB-8DE9-C0D080FA95CF} = {76A53B4D-3011-4AAB-8DE9-C0D080FA95CF}
		{B7C9135A-C4AA-4A85-B361-B610B442B57C} = {B7C9135A-C4AA-4A85-B361-B610B442B57C}
		{15428F5A-16F1-4DA5-9F12-0411183E3DC0} = {15428F5A-16F1-4DA5-9F12-0411183E3DC0}
		{9B31015C-CB08-4B4B-A957-313A93F862F5} = {9B31015C-CB08-4B4B-A957-313A93F862F5}
		{EC255B64-2C2F-4CB6-9D40-4542893FE5E6} = {EC255B64-2C2F-4CB6-9D40-4542893FE5E6}
		{8BB7B168-FC6D-463A-BBE4-FA595BDD5753} = {8BB7B168-FC6D-463A-BBE4-FA595BDD5753}
		{4484EA6C-AA9D-4DE4-BAA1-535FFFEFE49E} = {4484EA6C-AA9D-4DE4-BAA1-535FFFEFE49E}
		{7E16647B-CA40-43E8-8ABB-E4C430C186CA} = {7E16647B-CA40-43E8-8ABB-E4C430C186CA}
		{2EB07C98-0F3F-4CB6-B448-099770AF1989} = {2EB07C98-0F3F-4CB6-B448-099770AF1989}
		{B6757299-D2DD-4103-834D-45227AC13CB7} = {B6757299-D2DD-4103-834D-45227AC13CB7}
		{3B8C289D-FF47-4237-AD7B-0702230F41A3} = {3B8C289D-FF47-4237-AD7B-0702230F41A3}
		{82BD93B4-0306-4DDC-87F6-84B906DBAA77} = {82BD93B4-0306-4DDC-87F6-84B906DBAA77}
		{C8DF31BC-9280-4663-93DF-FDCFFC298269} = {C8DF31BC-9280-4663-93DF-FDCFFC298269}
		{E99EA1C1-B4DE-454B-9500-C98F817C0D6A} = {E99EA1C1-B4DE-454B-9500-C98F817C0D6A}
		{AB02DFC9-B0C0-488C-9BF9-E90B0402F30E} = {AB02DFC9-B0C0-488C-9BF9-E90B0402F30E}
		{07C218D7-D510-4D63-95E8-F661F62ED418} = {07C218D7-D510-4D63-95E8-F661F62ED418}
		{55D166D9-9B48-4048-9EDC-856066F60C87} = {55D166D9-9B48-4048-9EDC-856066F60C87}
		{ADCA49F0-D91B-4AB9-913A-5840DCA8C79E} = {ADCA49F0-D91B-4AB9-913A-5840DCA8C79E}
	EndProjectSection
EndProject
Project("{8BC9CEB8-8B4A-11D0-8D11-00A0C91BC942}") = "minipath", "..\minipath\minipathDLL.vcxproj", "{781B17E7-427F-488F-A8E9-360BA38A10F3}"
	ProjectSection(ProjectDependencies) = postProject
		{5996B101-46FE-48E4-8531-376140086DA4} = {5996B101-46FE-48E4-8531-376140086DA4}
		{4D474510-CD21-4EF7-974D-706775B1A83C} = {4D474510-CD21-4EF7-974D-706775B1A83C}
		{5F11951A-9DB3-454B-A90C-693387D4C85A} = {5F11951A-9DB3-454B-A90C-693387D4C85A}
		{954B9D26-1735-4674-8279-FF2C44E4258B} = {954B9D26-1735-4674-8279-FF2C44E4258B}
		{CC891C3A-8A32-46EA-B80A-0D1DED2BCFB1} = {CC891C3A-8A32-46EA-B80A-0D1DED2BCFB1}
		{B3CF6147-AD32-4238-B6C5-9A88BA503567} = {B3CF6147-AD32-4238-B6C5-9A88BA503567}
		{2AD33E48-FEC6-47B1-8FEF-A0CF1F23DD58} = {2AD33E48-FEC6-47B1-8FEF-A0CF1F23DD58}
		{6503214A-CE25-45B5-84BB-61EEFB35D1A9} = {6503214A-CE25-45B5-84BB-61EEFB35D1A9}
		{DA372A4B-7AE0-4C50-97B7-49D5FF953325} = {DA372A4B-7AE0-4C50-97B7-49D5FF953325}
		{8CA91C67-2C5E-4983-8EA1-AF4675211A2C} = {8CA91C67-2C5E-4983-8EA1-AF4675211A2C}
		{3E19AA6A-0935-4320-962A-C1E9378B387C} = {3E19AA6A-0935-4320-962A-C1E9378B387C}
		{18CD506D-5596-4B58-B868-57FAAC657C6B} = {18CD506D-5596-4B58-B868-57FAAC657C6B}
		{73B1A06D-F536-4F39-80AA-798A1E8023DE} = {73B1A06D-F536-4F39-80AA-798A1E8023DE}
		{53DB2F85-DEEA-4FC0-A89F-1DF5B534A250} = {53DB2F85-DEEA-4FC0-A89F-1DF5B534A250}
		{39D75486-E269-4640-97BF-04DAC9209AD8} = {39D75486-E269-4640-97BF-04DAC9209AD8}
		{8346318F-632A-4514-AAD7-A93593759823} = {8346318F-632A-4514-AAD7-A93593759823}
		{BF3DEE96-735B-4A5E-95DD-3D3661B62EEF} = {BF3DEE96-735B-4A5E-95DD-3D3661B62EEF}
		{E0DEC59F-D155-46D8-8866-9F305CC75A2B} = {E0DEC59F-D155-46D8-8866-9F305CC75A2B}
		{BA9900A1-6FB6-4A6E-A817-830CB6F3D009} = {BA9900A1-6FB6-4A6E-A817-830CB6F3D009}
		{83E5EEBE-9764-4C5B-9FDC-EB84A369C501} = {83E5EEBE-9764-4C5B-9FDC-EB84A369C501}
		{9794F3C3-74C5-4CE3-BF3C-B47E5F4BD0F7} = {9794F3C3-74C5-4CE3-BF3C-B47E5F4BD0F7}
		{491C39D2-2E1D-4DF7-B6BF-9641B7757FC4} = {491C39D2-2E1D-4DF7-B6BF-9641B7757FC4}
		{C13B39D8-BE5B-4FD0-8BE2-D2A2DD1FD837} = {C13B39D8-BE5B-4FD0-8BE2-D2A2DD1FD837}
		{7924E6DE-69F4-40C2-951A-44AD3A54152D} = {7924E6DE-69F4-40C2-951A-44AD3A54152D}
		{29AB36E1-284E-4E0B-9DF4-F4F84760BD9B} = {29AB36E1-284E-4E0B-9DF4-F4F84760BD9B}
	EndProjectSection
EndProject
Project("{8BC9CEB8-8B4A-11D0-8D11-00A0C91BC942}") = "Scintilla", "..\scintilla\ScintillaDLL.vcxproj", "{5877B917-512B-49F5-B514-1B4159E7A9CA}"
EndProject
Project("{8BC9CEB8-8B4A-11D0-8D11-00A0C91BC942}") = "np3_de_de", "..\language\np3_de_de\np3_de_de.vcxproj", "{146D0122-33C6-4C1B-9E7A-178DEC80842E}"
	ProjectSection(ProjectDependencies) = postProject
		{9DC82B0D-2484-4925-92AD-1237C64CCB78} = {9DC82B0D-2484-4925-92AD-1237C64CCB78}
	EndProjectSection
EndProject
Project("{8BC9CEB8-8B4A-11D0-8D11-00A0C91BC942}") = "np3_fr_fr", "..\language\np3_fr_fr\np3_fr_fr.vcxproj", "{EC255B64-2C2F-4CB6-9D40-4542893FE5E6}"
	ProjectSection(ProjectDependencies) = postProject
		{9DC82B0D-2484-4925-92AD-1237C64CCB78} = {9DC82B0D-2484-4925-92AD-1237C64CCB78}
	EndProjectSection
EndProject
Project("{8BC9CEB8-8B4A-11D0-8D11-00A0C91BC942}") = "np3_es_es", "..\language\np3_es_es\np3_es_es.vcxproj", "{3B8C289D-FF47-4237-AD7B-0702230F41A3}"
	ProjectSection(ProjectDependencies) = postProject
		{9DC82B0D-2484-4925-92AD-1237C64CCB78} = {9DC82B0D-2484-4925-92AD-1237C64CCB78}
	EndProjectSection
EndProject
Project("{8BC9CEB8-8B4A-11D0-8D11-00A0C91BC942}") = "np3_en_us", "..\language\np3_en_us\np3_en_us.vcxproj", "{9DC82B0D-2484-4925-92AD-1237C64CCB78}"
EndProject
Project("{8BC9CEB8-8B4A-11D0-8D11-00A0C91BC942}") = "np3_af_za", "..\language\np3_af_za\np3_af_za.vcxproj", "{C8E80B4C-C0FD-4119-A05A-AB372A61007F}"
	ProjectSection(ProjectDependencies) = postProject
		{9DC82B0D-2484-4925-92AD-1237C64CCB78} = {9DC82B0D-2484-4925-92AD-1237C64CCB78}
	EndProjectSection
EndProject
Project("{8BC9CEB8-8B4A-11D0-8D11-00A0C91BC942}") = "np3_nl_nl", "..\language\np3_nl_nl\np3_nl_nl.vcxproj", "{9B31015C-CB08-4B4B-A957-313A93F862F5}"
	ProjectSection(ProjectDependencies) = postProject
		{9DC82B0D-2484-4925-92AD-1237C64CCB78} = {9DC82B0D-2484-4925-92AD-1237C64CCB78}
	EndProjectSection
EndProject
Project("{8BC9CEB8-8B4A-11D0-8D11-00A0C91BC942}") = "np3_en_gb", "..\language\np3_en_gb\np3_en_gb.vcxproj", "{ADCA49F0-D91B-4AB9-913A-5840DCA8C79E}"
	ProjectSection(ProjectDependencies) = postProject
		{9DC82B0D-2484-4925-92AD-1237C64CCB78} = {9DC82B0D-2484-4925-92AD-1237C64CCB78}
	EndProjectSection
EndProject
Project("{8BC9CEB8-8B4A-11D0-8D11-00A0C91BC942}") = "mp_en_us", "..\minipath\language\mp_en_us\mp_en_us.vcxproj", "{29AB36E1-284E-4E0B-9DF4-F4F84760BD9B}"
EndProject
Project("{8BC9CEB8-8B4A-11D0-8D11-00A0C91BC942}") = "mp_en_gb", "..\minipath\language\mp_en_gb\mp_en_gb.vcxproj", "{BF3DEE96-735B-4A5E-95DD-3D3661B62EEF}"
	ProjectSection(ProjectDependencies) = postProject
		{29AB36E1-284E-4E0B-9DF4-F4F84760BD9B} = {29AB36E1-284E-4E0B-9DF4-F4F84760BD9B}
	EndProjectSection
EndProject
Project("{8BC9CEB8-8B4A-11D0-8D11-00A0C91BC942}") = "mp_de_de", "..\minipath\language\mp_de_de\mp_de_de.vcxproj", "{5996B101-46FE-48E4-8531-376140086DA4}"
	ProjectSection(ProjectDependencies) = postProject
		{29AB36E1-284E-4E0B-9DF4-F4F84760BD9B} = {29AB36E1-284E-4E0B-9DF4-F4F84760BD9B}
	EndProjectSection
EndProject
Project("{8BC9CEB8-8B4A-11D0-8D11-00A0C91BC942}") = "mp_af_za", "..\minipath\language\mp_af_za\mp_af_za.vcxproj", "{53DB2F85-DEEA-4FC0-A89F-1DF5B534A250}"
	ProjectSection(ProjectDependencies) = postProject
		{29AB36E1-284E-4E0B-9DF4-F4F84760BD9B} = {29AB36E1-284E-4E0B-9DF4-F4F84760BD9B}
	EndProjectSection
EndProject
Project("{8BC9CEB8-8B4A-11D0-8D11-00A0C91BC942}") = "mp_fr_fr", "..\minipath\language\mp_fr_fr\mp_fr_fr.vcxproj", "{491C39D2-2E1D-4DF7-B6BF-9641B7757FC4}"
	ProjectSection(ProjectDependencies) = postProject
		{29AB36E1-284E-4E0B-9DF4-F4F84760BD9B} = {29AB36E1-284E-4E0B-9DF4-F4F84760BD9B}
	EndProjectSection
EndProject
Project("{8BC9CEB8-8B4A-11D0-8D11-00A0C91BC942}") = "mp_nl_nl", "..\minipath\language\mp_nl_nl\mp_nl_nl.vcxproj", "{E0DEC59F-D155-46D8-8866-9F305CC75A2B}"
	ProjectSection(ProjectDependencies) = postProject
		{29AB36E1-284E-4E0B-9DF4-F4F84760BD9B} = {29AB36E1-284E-4E0B-9DF4-F4F84760BD9B}
	EndProjectSection
EndProject
Project("{8BC9CEB8-8B4A-11D0-8D11-00A0C91BC942}") = "mp_es_es", "..\minipath\language\mp_es_es\mp_es_es.vcxproj", "{954B9D26-1735-4674-8279-FF2C44E4258B}"
	ProjectSection(ProjectDependencies) = postProject
		{29AB36E1-284E-4E0B-9DF4-F4F84760BD9B} = {29AB36E1-284E-4E0B-9DF4-F4F84760BD9B}
	EndProjectSection
EndProject
Project("{8BC9CEB8-8B4A-11D0-8D11-00A0C91BC942}") = "np3_zh_cn", "..\language\np3_zh_cn\np3_zh_cn.vcxproj", "{7E16647B-CA40-43E8-8ABB-E4C430C186CA}"
	ProjectSection(ProjectDependencies) = postProject
		{9DC82B0D-2484-4925-92AD-1237C64CCB78} = {9DC82B0D-2484-4925-92AD-1237C64CCB78}
	EndProjectSection
EndProject
Project("{8BC9CEB8-8B4A-11D0-8D11-00A0C91BC942}") = "mp_zh_cn", "..\minipath\language\mp_zh_cn\mp_zh_cn.vcxproj", "{73B1A06D-F536-4F39-80AA-798A1E8023DE}"
	ProjectSection(ProjectDependencies) = postProject
		{29AB36E1-284E-4E0B-9DF4-F4F84760BD9B} = {29AB36E1-284E-4E0B-9DF4-F4F84760BD9B}
	EndProjectSection
EndProject
Project("{8BC9CEB8-8B4A-11D0-8D11-00A0C91BC942}") = "np3_ja_jp", "..\language\np3_ja_jp\np3_ja_jp.vcxproj", "{76A53B4D-3011-4AAB-8DE9-C0D080FA95CF}"
	ProjectSection(ProjectDependencies) = postProject
		{9DC82B0D-2484-4925-92AD-1237C64CCB78} = {9DC82B0D-2484-4925-92AD-1237C64CCB78}
	EndProjectSection
EndProject
Project("{8BC9CEB8-8B4A-11D0-8D11-00A0C91BC942}") = "mp_ja_jp", "..\minipath\language\mp_ja_jp\mp_ja_jp.vcxproj", "{4D474510-CD21-4EF7-974D-706775B1A83C}"
	ProjectSection(ProjectDependencies) = postProject
		{29AB36E1-284E-4E0B-9DF4-F4F84760BD9B} = {29AB36E1-284E-4E0B-9DF4-F4F84760BD9B}
	EndProjectSection
EndProject
Project("{8BC9CEB8-8B4A-11D0-8D11-00A0C91BC942}") = "np3_be_by", "..\language\np3_be_by\np3_be_by.vcxproj", "{4484EA6C-AA9D-4DE4-BAA1-535FFFEFE49E}"
	ProjectSection(ProjectDependencies) = postProject
		{9DC82B0D-2484-4925-92AD-1237C64CCB78} = {9DC82B0D-2484-4925-92AD-1237C64CCB78}
	EndProjectSection
EndProject
Project("{8BC9CEB8-8B4A-11D0-8D11-00A0C91BC942}") = "np3_ru_ru", "..\language\np3_ru_ru\np3_ru_ru.vcxproj", "{AB02DFC9-B0C0-488C-9BF9-E90B0402F30E}"
	ProjectSection(ProjectDependencies) = postProject
		{9DC82B0D-2484-4925-92AD-1237C64CCB78} = {9DC82B0D-2484-4925-92AD-1237C64CCB78}
	EndProjectSection
EndProject
Project("{8BC9CEB8-8B4A-11D0-8D11-00A0C91BC942}") = "mp_be_by", "..\minipath\language\mp_be_by\mp_be_by.vcxproj", "{5F11951A-9DB3-454B-A90C-693387D4C85A}"
	ProjectSection(ProjectDependencies) = postProject
		{29AB36E1-284E-4E0B-9DF4-F4F84760BD9B} = {29AB36E1-284E-4E0B-9DF4-F4F84760BD9B}
	EndProjectSection
EndProject
Project("{8BC9CEB8-8B4A-11D0-8D11-00A0C91BC942}") = "mp_ru_ru", "..\minipath\language\mp_ru_ru\mp_ru_ru.vcxproj", "{BA9900A1-6FB6-4A6E-A817-830CB6F3D009}"
	ProjectSection(ProjectDependencies) = postProject
		{29AB36E1-284E-4E0B-9DF4-F4F84760BD9B} = {29AB36E1-284E-4E0B-9DF4-F4F84760BD9B}
	EndProjectSection
EndProject
Project("{2150E333-8FDC-42A3-9474-1A3956D46DE8}") = "Solution Items", "Solution Items", "{6E5B87EB-C468-4334-8384-E9A3F0F6FBDA}"
	ProjectSection(SolutionItems) = preProject
		.editorconfig = .editorconfig
		Build\Changes.txt = Build\Changes.txt
	EndProjectSection
EndProject
Project("{8BC9CEB8-8B4A-11D0-8D11-00A0C91BC942}") = "np3_ko_kr", "..\language\np3_ko_kr\np3_ko_kr.vcxproj", "{0FA07345-601B-474E-99C0-7E61E70DA72E}"
	ProjectSection(ProjectDependencies) = postProject
		{9DC82B0D-2484-4925-92AD-1237C64CCB78} = {9DC82B0D-2484-4925-92AD-1237C64CCB78}
	EndProjectSection
EndProject
Project("{8BC9CEB8-8B4A-11D0-8D11-00A0C91BC942}") = "mp_ko_kr", "..\minipath\language\mp_ko_kr\mp_ko_kr.vcxproj", "{18CD506D-5596-4B58-B868-57FAAC657C6B}"
	ProjectSection(ProjectDependencies) = postProject
		{29AB36E1-284E-4E0B-9DF4-F4F84760BD9B} = {29AB36E1-284E-4E0B-9DF4-F4F84760BD9B}
	EndProjectSection
EndProject
Project("{8BC9CEB8-8B4A-11D0-8D11-00A0C91BC942}") = "np3_hu_hu", "..\language\np3_hu_hu\np3_hu_hu.vcxproj", "{82BD93B4-0306-4DDC-87F6-84B906DBAA77}"
	ProjectSection(ProjectDependencies) = postProject
		{9DC82B0D-2484-4925-92AD-1237C64CCB78} = {9DC82B0D-2484-4925-92AD-1237C64CCB78}
	EndProjectSection
EndProject
Project("{8BC9CEB8-8B4A-11D0-8D11-00A0C91BC942}") = "mp_hu_hu", "..\minipath\language\mp_hu_hu\mp_hu_hu.vcxproj", "{C13B39D8-BE5B-4FD0-8BE2-D2A2DD1FD837}"
	ProjectSection(ProjectDependencies) = postProject
		{29AB36E1-284E-4E0B-9DF4-F4F84760BD9B} = {29AB36E1-284E-4E0B-9DF4-F4F84760BD9B}
	EndProjectSection
EndProject
Project("{8BC9CEB8-8B4A-11D0-8D11-00A0C91BC942}") = "np3_pt_br", "..\language\np3_pt_br\np3_pt_br.vcxproj", "{4B141102-3379-4F20-A9B0-F7418EFF3DAA}"
	ProjectSection(ProjectDependencies) = postProject
		{9DC82B0D-2484-4925-92AD-1237C64CCB78} = {9DC82B0D-2484-4925-92AD-1237C64CCB78}
	EndProjectSection
EndProject
Project("{8BC9CEB8-8B4A-11D0-8D11-00A0C91BC942}") = "mp_pt_br", "..\minipath\language\mp_pt_br\mp_pt_br.vcxproj", "{83E5EEBE-9764-4C5B-9FDC-EB84A369C501}"
	ProjectSection(ProjectDependencies) = postProject
		{29AB36E1-284E-4E0B-9DF4-F4F84760BD9B} = {29AB36E1-284E-4E0B-9DF4-F4F84760BD9B}
	EndProjectSection
EndProject
Project("{2150E333-8FDC-42A3-9474-1A3956D46DE8}") = "Scripts", "Scripts", "{490D24BD-21E0-4BAD-B2D4-0A3BEC347AA9}"
	ProjectSection(SolutionItems) = preProject
		Version.cmd = Version.cmd
		Version.ps1 = Version.ps1
	EndProjectSection
EndProject
Project("{8BC9CEB8-8B4A-11D0-8D11-00A0C91BC942}") = "np3_it_it", "..\language\np3_it_it\np3_it_it.vcxproj", "{2EB07C98-0F3F-4CB6-B448-099770AF1989}"
	ProjectSection(ProjectDependencies) = postProject
		{9DC82B0D-2484-4925-92AD-1237C64CCB78} = {9DC82B0D-2484-4925-92AD-1237C64CCB78}
	EndProjectSection
EndProject
Project("{8BC9CEB8-8B4A-11D0-8D11-00A0C91BC942}") = "mp_it_it", "..\minipath\language\mp_it_it\mp_it_it.vcxproj", "{DA372A4B-7AE0-4C50-97B7-49D5FF953325}"
	ProjectSection(ProjectDependencies) = postProject
		{29AB36E1-284E-4E0B-9DF4-F4F84760BD9B} = {29AB36E1-284E-4E0B-9DF4-F4F84760BD9B}
	EndProjectSection
EndProject
Project("{2150E333-8FDC-42A3-9474-1A3956D46DE8}") = "Notepad3", "Notepad3", "{C3735E17-6EAE-4CC5-980E-30BCEF094862}"
EndProject
Project("{2150E333-8FDC-42A3-9474-1A3956D46DE8}") = "MiniPath", "MiniPath", "{D21C1F85-6FA3-4695-82CD-DDC5690E2D66}"
	ProjectSection(SolutionItems) = preProject
		..\minipath\.editorconfig = ..\minipath\.editorconfig
	EndProjectSection
EndProject
Project("{2150E333-8FDC-42A3-9474-1A3956D46DE8}") = "language", "language", "{8FD783D5-8709-432D-A88E-6E3073AFF220}"
EndProject
Project("{2150E333-8FDC-42A3-9474-1A3956D46DE8}") = "language", "language", "{8C28F8E6-5B4E-4233-B5C7-5A903596AEB2}"
EndProject
Project("{8BC9CEB8-8B4A-11D0-8D11-00A0C91BC942}") = "np3_pl_pl", "..\language\np3_pl_pl\np3_pl_pl.vcxproj", "{E99EA1C1-B4DE-454B-9500-C98F817C0D6A}"
	ProjectSection(ProjectDependencies) = postProject
		{9DC82B0D-2484-4925-92AD-1237C64CCB78} = {9DC82B0D-2484-4925-92AD-1237C64CCB78}
	EndProjectSection
EndProject
Project("{8BC9CEB8-8B4A-11D0-8D11-00A0C91BC942}") = "mp_pl_pl", "..\minipath\language\mp_pl_pl\mp_pl_pl.vcxproj", "{7924E6DE-69F4-40C2-951A-44AD3A54152D}"
	ProjectSection(ProjectDependencies) = postProject
		{29AB36E1-284E-4E0B-9DF4-F4F84760BD9B} = {29AB36E1-284E-4E0B-9DF4-F4F84760BD9B}
	EndProjectSection
EndProject
Project("{8BC9CEB8-8B4A-11D0-8D11-00A0C91BC942}") = "np3_tr_tr", "..\language\np3_tr_tr\np3_tr_tr.vcxproj", "{15428F5A-16F1-4DA5-9F12-0411183E3DC0}"
	ProjectSection(ProjectDependencies) = postProject
		{9DC82B0D-2484-4925-92AD-1237C64CCB78} = {9DC82B0D-2484-4925-92AD-1237C64CCB78}
	EndProjectSection
EndProject
Project("{8BC9CEB8-8B4A-11D0-8D11-00A0C91BC942}") = "mp_tr_tr", "..\minipath\language\mp_tr_tr\mp_tr_tr.vcxproj", "{6503214A-CE25-45B5-84BB-61EEFB35D1A9}"
	ProjectSection(ProjectDependencies) = postProject
		{29AB36E1-284E-4E0B-9DF4-F4F84760BD9B} = {29AB36E1-284E-4E0B-9DF4-F4F84760BD9B}
	EndProjectSection
EndProject
Project("{8BC9CEB8-8B4A-11D0-8D11-00A0C91BC942}") = "mp_sv_se", "..\minipath\language\mp_sv_se\mp_sv_se.vcxproj", "{3E19AA6A-0935-4320-962A-C1E9378B387C}"
	ProjectSection(ProjectDependencies) = postProject
		{29AB36E1-284E-4E0B-9DF4-F4F84760BD9B} = {29AB36E1-284E-4E0B-9DF4-F4F84760BD9B}
	EndProjectSection
EndProject
Project("{8BC9CEB8-8B4A-11D0-8D11-00A0C91BC942}") = "np3_sv_se", "..\language\np3_sv_se\np3_sv_se.vcxproj", "{07C218D7-D510-4D63-95E8-F661F62ED418}"
	ProjectSection(ProjectDependencies) = postProject
		{9DC82B0D-2484-4925-92AD-1237C64CCB78} = {9DC82B0D-2484-4925-92AD-1237C64CCB78}
	EndProjectSection
EndProject
Project("{8BC9CEB8-8B4A-11D0-8D11-00A0C91BC942}") = "mp_sk_sk", "..\minipath\language\mp_sk_sk\mp_sk_sk.vcxproj", "{8346318F-632A-4514-AAD7-A93593759823}"
	ProjectSection(ProjectDependencies) = postProject
		{29AB36E1-284E-4E0B-9DF4-F4F84760BD9B} = {29AB36E1-284E-4E0B-9DF4-F4F84760BD9B}
	EndProjectSection
EndProject
Project("{8BC9CEB8-8B4A-11D0-8D11-00A0C91BC942}") = "np3_sk_sk", "..\language\np3_sk_sk\np3_sk_sk.vcxproj", "{8BB7B168-FC6D-463A-BBE4-FA595BDD5753}"
	ProjectSection(ProjectDependencies) = postProject
		{9DC82B0D-2484-4925-92AD-1237C64CCB78} = {9DC82B0D-2484-4925-92AD-1237C64CCB78}
	EndProjectSection
EndProject
Project("{2150E333-8FDC-42A3-9474-1A3956D46DE8}") = "grepWinNP3", "grepWinNP3", "{3F7359FE-EC69-42E8-BB21-7E59D622D57D}"
EndProject
Project("{8BC9CEB8-8B4A-11D0-8D11-00A0C91BC942}") = "np3_pt_pt", "..\language\np3_pt_pt\np3_pt_pt.vcxproj", "{B7C9135A-C4AA-4A85-B361-B610B442B57C}"
	ProjectSection(ProjectDependencies) = postProject
		{9DC82B0D-2484-4925-92AD-1237C64CCB78} = {9DC82B0D-2484-4925-92AD-1237C64CCB78}
	EndProjectSection
EndProject
Project("{8BC9CEB8-8B4A-11D0-8D11-00A0C91BC942}") = "mp_pt_pt", "..\minipath\language\mp_pt_pt\mp_pt_pt.vcxproj", "{8CA91C67-2C5E-4983-8EA1-AF4675211A2C}"
	ProjectSection(ProjectDependencies) = postProject
		{29AB36E1-284E-4E0B-9DF4-F4F84760BD9B} = {29AB36E1-284E-4E0B-9DF4-F4F84760BD9B}
	EndProjectSection
EndProject
Project("{8BC9CEB8-8B4A-11D0-8D11-00A0C91BC942}") = "mp_id_id", "..\minipath\language\mp_id_id\mp_id_id.vcxproj", "{B3CF6147-AD32-4238-B6C5-9A88BA503567}"
	ProjectSection(ProjectDependencies) = postProject
		{29AB36E1-284E-4E0B-9DF4-F4F84760BD9B} = {29AB36E1-284E-4E0B-9DF4-F4F84760BD9B}
	EndProjectSection
EndProject
Project("{8BC9CEB8-8B4A-11D0-8D11-00A0C91BC942}") = "mp_vi_vn", "..\minipath\language\mp_vi_vn\mp_vi_vn.vcxproj", "{39D75486-E269-4640-97BF-04DAC9209AD8}"
	ProjectSection(ProjectDependencies) = postProject
		{29AB36E1-284E-4E0B-9DF4-F4F84760BD9B} = {29AB36E1-284E-4E0B-9DF4-F4F84760BD9B}
	EndProjectSection
EndProject
Project("{8BC9CEB8-8B4A-11D0-8D11-00A0C91BC942}") = "mp_zh_tw", "..\minipath\language\mp_zh_tw\mp_zh_tw.vcxproj", "{9794F3C3-74C5-4CE3-BF3C-B47E5F4BD0F7}"
	ProjectSection(ProjectDependencies) = postProject
		{29AB36E1-284E-4E0B-9DF4-F4F84760BD9B} = {29AB36E1-284E-4E0B-9DF4-F4F84760BD9B}
	EndProjectSection
EndProject
Project("{8BC9CEB8-8B4A-11D0-8D11-00A0C91BC942}") = "np3_id_id", "..\language\np3_id_id\np3_id_id.vcxproj", "{8876A80E-C4A6-423B-B279-427C039BDAC8}"
	ProjectSection(ProjectDependencies) = postProject
		{9DC82B0D-2484-4925-92AD-1237C64CCB78} = {9DC82B0D-2484-4925-92AD-1237C64CCB78}
	EndProjectSection
EndProject
Project("{8BC9CEB8-8B4A-11D0-8D11-00A0C91BC942}") = "np3_vi_vn", "..\language\np3_vi_vn\np3_vi_vn.vcxproj", "{C8DF31BC-9280-4663-93DF-FDCFFC298269}"
	ProjectSection(ProjectDependencies) = postProject
		{9DC82B0D-2484-4925-92AD-1237C64CCB78} = {9DC82B0D-2484-4925-92AD-1237C64CCB78}
	EndProjectSection
EndProject
Project("{8BC9CEB8-8B4A-11D0-8D11-00A0C91BC942}") = "np3_zh_tw", "..\language\np3_zh_tw\np3_zh_tw.vcxproj", "{85333322-C153-4101-89BB-36B8EF86DFEF}"
	ProjectSection(ProjectDependencies) = postProject
		{9DC82B0D-2484-4925-92AD-1237C64CCB78} = {9DC82B0D-2484-4925-92AD-1237C64CCB78}
	EndProjectSection
EndProject
Project("{8BC9CEB8-8B4A-11D0-8D11-00A0C91BC942}") = "mp_hi_in", "..\minipath\language\mp_hi_in\mp_hi_in.vcxproj", "{CC891C3A-8A32-46EA-B80A-0D1DED2BCFB1}"
	ProjectSection(ProjectDependencies) = postProject
		{29AB36E1-284E-4E0B-9DF4-F4F84760BD9B} = {29AB36E1-284E-4E0B-9DF4-F4F84760BD9B}
	EndProjectSection
EndProject
Project("{8BC9CEB8-8B4A-11D0-8D11-00A0C91BC942}") = "np3_hi_in", "..\language\np3_hi_in\np3_hi_in.vcxproj", "{55D166D9-9B48-4048-9EDC-856066F60C87}"
	ProjectSection(ProjectDependencies) = postProject
		{9DC82B0D-2484-4925-92AD-1237C64CCB78} = {9DC82B0D-2484-4925-92AD-1237C64CCB78}
	EndProjectSection
EndProject
Project("{8BC9CEB8-8B4A-11D0-8D11-00A0C91BC942}") = "mp_es_mx", "..\minipath\language\mp_es_mx\mp_es_mx.vcxproj", "{2AD33E48-FEC6-47B1-8FEF-A0CF1F23DD58}"
	ProjectSection(ProjectDependencies) = postProject
		{29AB36E1-284E-4E0B-9DF4-F4F84760BD9B} = {29AB36E1-284E-4E0B-9DF4-F4F84760BD9B}
	EndProjectSection
EndProject
Project("{8BC9CEB8-8B4A-11D0-8D11-00A0C91BC942}") = "np3_es_mx", "..\language\np3_es_mx\np3_es_mx.vcxproj", "{B6757299-D2DD-4103-834D-45227AC13CB7}"
	ProjectSection(ProjectDependencies) = postProject
		{9DC82B0D-2484-4925-92AD-1237C64CCB78} = {9DC82B0D-2484-4925-92AD-1237C64CCB78}
	EndProjectSection
EndProject
Global
	GlobalSection(SolutionConfigurationPlatforms) = preSolution
		Debug|Win32 = Debug|Win32
		Debug|x64 = Debug|x64
		Release|Win32 = Release|Win32
		Release|x64 = Release|x64
	EndGlobalSection
	GlobalSection(ProjectConfigurationPlatforms) = postSolution
		{0049F8CF-1BEC-4E6E-B457-0187A33AD522}.Debug|Win32.ActiveCfg = Debug|Win32
		{0049F8CF-1BEC-4E6E-B457-0187A33AD522}.Debug|Win32.Build.0 = Debug|Win32
		{0049F8CF-1BEC-4E6E-B457-0187A33AD522}.Debug|x64.ActiveCfg = Debug|x64
		{0049F8CF-1BEC-4E6E-B457-0187A33AD522}.Debug|x64.Build.0 = Debug|x64
		{0049F8CF-1BEC-4E6E-B457-0187A33AD522}.Release|Win32.ActiveCfg = Release|Win32
		{0049F8CF-1BEC-4E6E-B457-0187A33AD522}.Release|Win32.Build.0 = Release|Win32
		{0049F8CF-1BEC-4E6E-B457-0187A33AD522}.Release|x64.ActiveCfg = Release|x64
		{0049F8CF-1BEC-4E6E-B457-0187A33AD522}.Release|x64.Build.0 = Release|x64
		{BAAD32AB-CD47-12FD-873C-0BBC204B7641}.Debug|Win32.ActiveCfg = Debug|Win32
		{BAAD32AB-CD47-12FD-873C-0BBC204B7641}.Debug|Win32.Build.0 = Debug|Win32
		{BAAD32AB-CD47-12FD-873C-0BBC204B7641}.Debug|x64.ActiveCfg = Debug|x64
		{BAAD32AB-CD47-12FD-873C-0BBC204B7641}.Debug|x64.Build.0 = Debug|x64
		{BAAD32AB-CD47-12FD-873C-0BBC204B7641}.Release|Win32.ActiveCfg = Release|Win32
		{BAAD32AB-CD47-12FD-873C-0BBC204B7641}.Release|Win32.Build.0 = Release|Win32
		{BAAD32AB-CD47-12FD-873C-0BBC204B7641}.Release|x64.ActiveCfg = Release|x64
		{BAAD32AB-CD47-12FD-873C-0BBC204B7641}.Release|x64.Build.0 = Release|x64
		{781B17E7-427F-488F-A8E9-360BA38A10F3}.Debug|Win32.ActiveCfg = Debug|Win32
		{781B17E7-427F-488F-A8E9-360BA38A10F3}.Debug|Win32.Build.0 = Debug|Win32
		{781B17E7-427F-488F-A8E9-360BA38A10F3}.Debug|Win32.Deploy.0 = Debug|Win32
		{781B17E7-427F-488F-A8E9-360BA38A10F3}.Debug|x64.ActiveCfg = Debug|x64
		{781B17E7-427F-488F-A8E9-360BA38A10F3}.Debug|x64.Build.0 = Debug|x64
		{781B17E7-427F-488F-A8E9-360BA38A10F3}.Debug|x64.Deploy.0 = Debug|x64
		{781B17E7-427F-488F-A8E9-360BA38A10F3}.Release|Win32.ActiveCfg = Release|Win32
		{781B17E7-427F-488F-A8E9-360BA38A10F3}.Release|Win32.Build.0 = Release|Win32
		{781B17E7-427F-488F-A8E9-360BA38A10F3}.Release|Win32.Deploy.0 = Release|Win32
		{781B17E7-427F-488F-A8E9-360BA38A10F3}.Release|x64.ActiveCfg = Release|x64
		{781B17E7-427F-488F-A8E9-360BA38A10F3}.Release|x64.Build.0 = Release|x64
		{781B17E7-427F-488F-A8E9-360BA38A10F3}.Release|x64.Deploy.0 = Release|x64
		{5877B917-512B-49F5-B514-1B4159E7A9CA}.Debug|Win32.ActiveCfg = Debug|Win32
		{5877B917-512B-49F5-B514-1B4159E7A9CA}.Debug|Win32.Build.0 = Debug|Win32
		{5877B917-512B-49F5-B514-1B4159E7A9CA}.Debug|x64.ActiveCfg = Debug|x64
		{5877B917-512B-49F5-B514-1B4159E7A9CA}.Debug|x64.Build.0 = Debug|x64
		{5877B917-512B-49F5-B514-1B4159E7A9CA}.Release|Win32.ActiveCfg = Release|Win32
		{5877B917-512B-49F5-B514-1B4159E7A9CA}.Release|Win32.Build.0 = Release|Win32
		{5877B917-512B-49F5-B514-1B4159E7A9CA}.Release|x64.ActiveCfg = Release|x64
		{5877B917-512B-49F5-B514-1B4159E7A9CA}.Release|x64.Build.0 = Release|x64
		{146D0122-33C6-4C1B-9E7A-178DEC80842E}.Debug|Win32.ActiveCfg = Debug|Win32
		{146D0122-33C6-4C1B-9E7A-178DEC80842E}.Debug|Win32.Build.0 = Debug|Win32
		{146D0122-33C6-4C1B-9E7A-178DEC80842E}.Debug|x64.ActiveCfg = Debug|x64
		{146D0122-33C6-4C1B-9E7A-178DEC80842E}.Debug|x64.Build.0 = Debug|x64
		{146D0122-33C6-4C1B-9E7A-178DEC80842E}.Release|Win32.ActiveCfg = Release|Win32
		{146D0122-33C6-4C1B-9E7A-178DEC80842E}.Release|Win32.Build.0 = Release|Win32
		{146D0122-33C6-4C1B-9E7A-178DEC80842E}.Release|x64.ActiveCfg = Release|x64
		{146D0122-33C6-4C1B-9E7A-178DEC80842E}.Release|x64.Build.0 = Release|x64
		{EC255B64-2C2F-4CB6-9D40-4542893FE5E6}.Debug|Win32.ActiveCfg = Debug|Win32
		{EC255B64-2C2F-4CB6-9D40-4542893FE5E6}.Debug|Win32.Build.0 = Debug|Win32
		{EC255B64-2C2F-4CB6-9D40-4542893FE5E6}.Debug|x64.ActiveCfg = Debug|x64
		{EC255B64-2C2F-4CB6-9D40-4542893FE5E6}.Debug|x64.Build.0 = Debug|x64
		{EC255B64-2C2F-4CB6-9D40-4542893FE5E6}.Release|Win32.ActiveCfg = Release|Win32
		{EC255B64-2C2F-4CB6-9D40-4542893FE5E6}.Release|Win32.Build.0 = Release|Win32
		{EC255B64-2C2F-4CB6-9D40-4542893FE5E6}.Release|x64.ActiveCfg = Release|x64
		{EC255B64-2C2F-4CB6-9D40-4542893FE5E6}.Release|x64.Build.0 = Release|x64
		{3B8C289D-FF47-4237-AD7B-0702230F41A3}.Debug|Win32.ActiveCfg = Debug|Win32
		{3B8C289D-FF47-4237-AD7B-0702230F41A3}.Debug|Win32.Build.0 = Debug|Win32
		{3B8C289D-FF47-4237-AD7B-0702230F41A3}.Debug|x64.ActiveCfg = Debug|x64
		{3B8C289D-FF47-4237-AD7B-0702230F41A3}.Debug|x64.Build.0 = Debug|x64
		{3B8C289D-FF47-4237-AD7B-0702230F41A3}.Release|Win32.ActiveCfg = Release|Win32
		{3B8C289D-FF47-4237-AD7B-0702230F41A3}.Release|Win32.Build.0 = Release|Win32
		{3B8C289D-FF47-4237-AD7B-0702230F41A3}.Release|x64.ActiveCfg = Release|x64
		{3B8C289D-FF47-4237-AD7B-0702230F41A3}.Release|x64.Build.0 = Release|x64
		{9DC82B0D-2484-4925-92AD-1237C64CCB78}.Debug|Win32.ActiveCfg = Debug|Win32
		{9DC82B0D-2484-4925-92AD-1237C64CCB78}.Debug|Win32.Build.0 = Debug|Win32
		{9DC82B0D-2484-4925-92AD-1237C64CCB78}.Debug|x64.ActiveCfg = Debug|x64
		{9DC82B0D-2484-4925-92AD-1237C64CCB78}.Debug|x64.Build.0 = Debug|x64
		{9DC82B0D-2484-4925-92AD-1237C64CCB78}.Release|Win32.ActiveCfg = Release|Win32
		{9DC82B0D-2484-4925-92AD-1237C64CCB78}.Release|Win32.Build.0 = Release|Win32
		{9DC82B0D-2484-4925-92AD-1237C64CCB78}.Release|x64.ActiveCfg = Release|x64
		{9DC82B0D-2484-4925-92AD-1237C64CCB78}.Release|x64.Build.0 = Release|x64
		{C8E80B4C-C0FD-4119-A05A-AB372A61007F}.Debug|Win32.ActiveCfg = Debug|Win32
		{C8E80B4C-C0FD-4119-A05A-AB372A61007F}.Debug|Win32.Build.0 = Debug|Win32
		{C8E80B4C-C0FD-4119-A05A-AB372A61007F}.Debug|x64.ActiveCfg = Debug|x64
		{C8E80B4C-C0FD-4119-A05A-AB372A61007F}.Debug|x64.Build.0 = Debug|x64
		{C8E80B4C-C0FD-4119-A05A-AB372A61007F}.Release|Win32.ActiveCfg = Release|Win32
		{C8E80B4C-C0FD-4119-A05A-AB372A61007F}.Release|Win32.Build.0 = Release|Win32
		{C8E80B4C-C0FD-4119-A05A-AB372A61007F}.Release|x64.ActiveCfg = Release|x64
		{C8E80B4C-C0FD-4119-A05A-AB372A61007F}.Release|x64.Build.0 = Release|x64
		{9B31015C-CB08-4B4B-A957-313A93F862F5}.Debug|Win32.ActiveCfg = Debug|Win32
		{9B31015C-CB08-4B4B-A957-313A93F862F5}.Debug|Win32.Build.0 = Debug|Win32
		{9B31015C-CB08-4B4B-A957-313A93F862F5}.Debug|x64.ActiveCfg = Debug|x64
		{9B31015C-CB08-4B4B-A957-313A93F862F5}.Debug|x64.Build.0 = Debug|x64
		{9B31015C-CB08-4B4B-A957-313A93F862F5}.Release|Win32.ActiveCfg = Release|Win32
		{9B31015C-CB08-4B4B-A957-313A93F862F5}.Release|Win32.Build.0 = Release|Win32
		{9B31015C-CB08-4B4B-A957-313A93F862F5}.Release|x64.ActiveCfg = Release|x64
		{9B31015C-CB08-4B4B-A957-313A93F862F5}.Release|x64.Build.0 = Release|x64
		{ADCA49F0-D91B-4AB9-913A-5840DCA8C79E}.Debug|Win32.ActiveCfg = Debug|Win32
		{ADCA49F0-D91B-4AB9-913A-5840DCA8C79E}.Debug|Win32.Build.0 = Debug|Win32
		{ADCA49F0-D91B-4AB9-913A-5840DCA8C79E}.Debug|x64.ActiveCfg = Debug|x64
		{ADCA49F0-D91B-4AB9-913A-5840DCA8C79E}.Debug|x64.Build.0 = Debug|x64
		{ADCA49F0-D91B-4AB9-913A-5840DCA8C79E}.Release|Win32.ActiveCfg = Release|Win32
		{ADCA49F0-D91B-4AB9-913A-5840DCA8C79E}.Release|Win32.Build.0 = Release|Win32
		{ADCA49F0-D91B-4AB9-913A-5840DCA8C79E}.Release|x64.ActiveCfg = Release|x64
		{ADCA49F0-D91B-4AB9-913A-5840DCA8C79E}.Release|x64.Build.0 = Release|x64
		{29AB36E1-284E-4E0B-9DF4-F4F84760BD9B}.Debug|Win32.ActiveCfg = Debug|Win32
		{29AB36E1-284E-4E0B-9DF4-F4F84760BD9B}.Debug|Win32.Build.0 = Debug|Win32
		{29AB36E1-284E-4E0B-9DF4-F4F84760BD9B}.Debug|x64.ActiveCfg = Debug|x64
		{29AB36E1-284E-4E0B-9DF4-F4F84760BD9B}.Debug|x64.Build.0 = Debug|x64
		{29AB36E1-284E-4E0B-9DF4-F4F84760BD9B}.Release|Win32.ActiveCfg = Release|Win32
		{29AB36E1-284E-4E0B-9DF4-F4F84760BD9B}.Release|Win32.Build.0 = Release|Win32
		{29AB36E1-284E-4E0B-9DF4-F4F84760BD9B}.Release|x64.ActiveCfg = Release|x64
		{29AB36E1-284E-4E0B-9DF4-F4F84760BD9B}.Release|x64.Build.0 = Release|x64
		{BF3DEE96-735B-4A5E-95DD-3D3661B62EEF}.Debug|Win32.ActiveCfg = Debug|Win32
		{BF3DEE96-735B-4A5E-95DD-3D3661B62EEF}.Debug|Win32.Build.0 = Debug|Win32
		{BF3DEE96-735B-4A5E-95DD-3D3661B62EEF}.Debug|x64.ActiveCfg = Debug|x64
		{BF3DEE96-735B-4A5E-95DD-3D3661B62EEF}.Debug|x64.Build.0 = Debug|x64
		{BF3DEE96-735B-4A5E-95DD-3D3661B62EEF}.Release|Win32.ActiveCfg = Release|Win32
		{BF3DEE96-735B-4A5E-95DD-3D3661B62EEF}.Release|Win32.Build.0 = Release|Win32
		{BF3DEE96-735B-4A5E-95DD-3D3661B62EEF}.Release|x64.ActiveCfg = Release|x64
		{BF3DEE96-735B-4A5E-95DD-3D3661B62EEF}.Release|x64.Build.0 = Release|x64
		{5996B101-46FE-48E4-8531-376140086DA4}.Debug|Win32.ActiveCfg = Debug|Win32
		{5996B101-46FE-48E4-8531-376140086DA4}.Debug|Win32.Build.0 = Debug|Win32
		{5996B101-46FE-48E4-8531-376140086DA4}.Debug|x64.ActiveCfg = Debug|x64
		{5996B101-46FE-48E4-8531-376140086DA4}.Debug|x64.Build.0 = Debug|x64
		{5996B101-46FE-48E4-8531-376140086DA4}.Release|Win32.ActiveCfg = Release|Win32
		{5996B101-46FE-48E4-8531-376140086DA4}.Release|Win32.Build.0 = Release|Win32
		{5996B101-46FE-48E4-8531-376140086DA4}.Release|x64.ActiveCfg = Release|x64
		{5996B101-46FE-48E4-8531-376140086DA4}.Release|x64.Build.0 = Release|x64
		{53DB2F85-DEEA-4FC0-A89F-1DF5B534A250}.Debug|Win32.ActiveCfg = Debug|Win32
		{53DB2F85-DEEA-4FC0-A89F-1DF5B534A250}.Debug|Win32.Build.0 = Debug|Win32
		{53DB2F85-DEEA-4FC0-A89F-1DF5B534A250}.Debug|x64.ActiveCfg = Debug|x64
		{53DB2F85-DEEA-4FC0-A89F-1DF5B534A250}.Debug|x64.Build.0 = Debug|x64
		{53DB2F85-DEEA-4FC0-A89F-1DF5B534A250}.Release|Win32.ActiveCfg = Release|Win32
		{53DB2F85-DEEA-4FC0-A89F-1DF5B534A250}.Release|Win32.Build.0 = Release|Win32
		{53DB2F85-DEEA-4FC0-A89F-1DF5B534A250}.Release|x64.ActiveCfg = Release|x64
		{53DB2F85-DEEA-4FC0-A89F-1DF5B534A250}.Release|x64.Build.0 = Release|x64
		{491C39D2-2E1D-4DF7-B6BF-9641B7757FC4}.Debug|Win32.ActiveCfg = Debug|Win32
		{491C39D2-2E1D-4DF7-B6BF-9641B7757FC4}.Debug|Win32.Build.0 = Debug|Win32
		{491C39D2-2E1D-4DF7-B6BF-9641B7757FC4}.Debug|x64.ActiveCfg = Debug|x64
		{491C39D2-2E1D-4DF7-B6BF-9641B7757FC4}.Debug|x64.Build.0 = Debug|x64
		{491C39D2-2E1D-4DF7-B6BF-9641B7757FC4}.Release|Win32.ActiveCfg = Release|Win32
		{491C39D2-2E1D-4DF7-B6BF-9641B7757FC4}.Release|Win32.Build.0 = Release|Win32
		{491C39D2-2E1D-4DF7-B6BF-9641B7757FC4}.Release|x64.ActiveCfg = Release|x64
		{491C39D2-2E1D-4DF7-B6BF-9641B7757FC4}.Release|x64.Build.0 = Release|x64
		{E0DEC59F-D155-46D8-8866-9F305CC75A2B}.Debug|Win32.ActiveCfg = Debug|Win32
		{E0DEC59F-D155-46D8-8866-9F305CC75A2B}.Debug|Win32.Build.0 = Debug|Win32
		{E0DEC59F-D155-46D8-8866-9F305CC75A2B}.Debug|x64.ActiveCfg = Debug|x64
		{E0DEC59F-D155-46D8-8866-9F305CC75A2B}.Debug|x64.Build.0 = Debug|x64
		{E0DEC59F-D155-46D8-8866-9F305CC75A2B}.Release|Win32.ActiveCfg = Release|Win32
		{E0DEC59F-D155-46D8-8866-9F305CC75A2B}.Release|Win32.Build.0 = Release|Win32
		{E0DEC59F-D155-46D8-8866-9F305CC75A2B}.Release|x64.ActiveCfg = Release|x64
		{E0DEC59F-D155-46D8-8866-9F305CC75A2B}.Release|x64.Build.0 = Release|x64
		{954B9D26-1735-4674-8279-FF2C44E4258B}.Debug|Win32.ActiveCfg = Debug|Win32
		{954B9D26-1735-4674-8279-FF2C44E4258B}.Debug|Win32.Build.0 = Debug|Win32
		{954B9D26-1735-4674-8279-FF2C44E4258B}.Debug|x64.ActiveCfg = Debug|x64
		{954B9D26-1735-4674-8279-FF2C44E4258B}.Debug|x64.Build.0 = Debug|x64
		{954B9D26-1735-4674-8279-FF2C44E4258B}.Release|Win32.ActiveCfg = Release|Win32
		{954B9D26-1735-4674-8279-FF2C44E4258B}.Release|Win32.Build.0 = Release|Win32
		{954B9D26-1735-4674-8279-FF2C44E4258B}.Release|x64.ActiveCfg = Release|x64
		{954B9D26-1735-4674-8279-FF2C44E4258B}.Release|x64.Build.0 = Release|x64
		{7E16647B-CA40-43E8-8ABB-E4C430C186CA}.Debug|Win32.ActiveCfg = Debug|Win32
		{7E16647B-CA40-43E8-8ABB-E4C430C186CA}.Debug|Win32.Build.0 = Debug|Win32
		{7E16647B-CA40-43E8-8ABB-E4C430C186CA}.Debug|x64.ActiveCfg = Debug|x64
		{7E16647B-CA40-43E8-8ABB-E4C430C186CA}.Debug|x64.Build.0 = Debug|x64
		{7E16647B-CA40-43E8-8ABB-E4C430C186CA}.Release|Win32.ActiveCfg = Release|Win32
		{7E16647B-CA40-43E8-8ABB-E4C430C186CA}.Release|Win32.Build.0 = Release|Win32
		{7E16647B-CA40-43E8-8ABB-E4C430C186CA}.Release|x64.ActiveCfg = Release|x64
		{7E16647B-CA40-43E8-8ABB-E4C430C186CA}.Release|x64.Build.0 = Release|x64
		{73B1A06D-F536-4F39-80AA-798A1E8023DE}.Debug|Win32.ActiveCfg = Debug|Win32
		{73B1A06D-F536-4F39-80AA-798A1E8023DE}.Debug|Win32.Build.0 = Debug|Win32
		{73B1A06D-F536-4F39-80AA-798A1E8023DE}.Debug|x64.ActiveCfg = Debug|x64
		{73B1A06D-F536-4F39-80AA-798A1E8023DE}.Debug|x64.Build.0 = Debug|x64
		{73B1A06D-F536-4F39-80AA-798A1E8023DE}.Release|Win32.ActiveCfg = Release|Win32
		{73B1A06D-F536-4F39-80AA-798A1E8023DE}.Release|Win32.Build.0 = Release|Win32
		{73B1A06D-F536-4F39-80AA-798A1E8023DE}.Release|x64.ActiveCfg = Release|x64
		{73B1A06D-F536-4F39-80AA-798A1E8023DE}.Release|x64.Build.0 = Release|x64
		{76A53B4D-3011-4AAB-8DE9-C0D080FA95CF}.Debug|Win32.ActiveCfg = Debug|Win32
		{76A53B4D-3011-4AAB-8DE9-C0D080FA95CF}.Debug|Win32.Build.0 = Debug|Win32
		{76A53B4D-3011-4AAB-8DE9-C0D080FA95CF}.Debug|x64.ActiveCfg = Debug|x64
		{76A53B4D-3011-4AAB-8DE9-C0D080FA95CF}.Debug|x64.Build.0 = Debug|x64
		{76A53B4D-3011-4AAB-8DE9-C0D080FA95CF}.Release|Win32.ActiveCfg = Release|Win32
		{76A53B4D-3011-4AAB-8DE9-C0D080FA95CF}.Release|Win32.Build.0 = Release|Win32
		{76A53B4D-3011-4AAB-8DE9-C0D080FA95CF}.Release|x64.ActiveCfg = Release|x64
		{76A53B4D-3011-4AAB-8DE9-C0D080FA95CF}.Release|x64.Build.0 = Release|x64
		{4D474510-CD21-4EF7-974D-706775B1A83C}.Debug|Win32.ActiveCfg = Debug|Win32
		{4D474510-CD21-4EF7-974D-706775B1A83C}.Debug|Win32.Build.0 = Debug|Win32
		{4D474510-CD21-4EF7-974D-706775B1A83C}.Debug|x64.ActiveCfg = Debug|x64
		{4D474510-CD21-4EF7-974D-706775B1A83C}.Debug|x64.Build.0 = Debug|x64
		{4D474510-CD21-4EF7-974D-706775B1A83C}.Release|Win32.ActiveCfg = Release|Win32
		{4D474510-CD21-4EF7-974D-706775B1A83C}.Release|Win32.Build.0 = Release|Win32
		{4D474510-CD21-4EF7-974D-706775B1A83C}.Release|x64.ActiveCfg = Release|x64
		{4D474510-CD21-4EF7-974D-706775B1A83C}.Release|x64.Build.0 = Release|x64
		{4484EA6C-AA9D-4DE4-BAA1-535FFFEFE49E}.Debug|Win32.ActiveCfg = Debug|Win32
		{4484EA6C-AA9D-4DE4-BAA1-535FFFEFE49E}.Debug|Win32.Build.0 = Debug|Win32
		{4484EA6C-AA9D-4DE4-BAA1-535FFFEFE49E}.Debug|x64.ActiveCfg = Debug|x64
		{4484EA6C-AA9D-4DE4-BAA1-535FFFEFE49E}.Debug|x64.Build.0 = Debug|x64
		{4484EA6C-AA9D-4DE4-BAA1-535FFFEFE49E}.Release|Win32.ActiveCfg = Release|Win32
		{4484EA6C-AA9D-4DE4-BAA1-535FFFEFE49E}.Release|Win32.Build.0 = Release|Win32
		{4484EA6C-AA9D-4DE4-BAA1-535FFFEFE49E}.Release|x64.ActiveCfg = Release|x64
		{4484EA6C-AA9D-4DE4-BAA1-535FFFEFE49E}.Release|x64.Build.0 = Release|x64
		{AB02DFC9-B0C0-488C-9BF9-E90B0402F30E}.Debug|Win32.ActiveCfg = Debug|Win32
		{AB02DFC9-B0C0-488C-9BF9-E90B0402F30E}.Debug|Win32.Build.0 = Debug|Win32
		{AB02DFC9-B0C0-488C-9BF9-E90B0402F30E}.Debug|x64.ActiveCfg = Debug|x64
		{AB02DFC9-B0C0-488C-9BF9-E90B0402F30E}.Debug|x64.Build.0 = Debug|x64
		{AB02DFC9-B0C0-488C-9BF9-E90B0402F30E}.Release|Win32.ActiveCfg = Release|Win32
		{AB02DFC9-B0C0-488C-9BF9-E90B0402F30E}.Release|Win32.Build.0 = Release|Win32
		{AB02DFC9-B0C0-488C-9BF9-E90B0402F30E}.Release|x64.ActiveCfg = Release|x64
		{AB02DFC9-B0C0-488C-9BF9-E90B0402F30E}.Release|x64.Build.0 = Release|x64
		{5F11951A-9DB3-454B-A90C-693387D4C85A}.Debug|Win32.ActiveCfg = Debug|Win32
		{5F11951A-9DB3-454B-A90C-693387D4C85A}.Debug|Win32.Build.0 = Debug|Win32
		{5F11951A-9DB3-454B-A90C-693387D4C85A}.Debug|x64.ActiveCfg = Debug|x64
		{5F11951A-9DB3-454B-A90C-693387D4C85A}.Debug|x64.Build.0 = Debug|x64
		{5F11951A-9DB3-454B-A90C-693387D4C85A}.Release|Win32.ActiveCfg = Release|Win32
		{5F11951A-9DB3-454B-A90C-693387D4C85A}.Release|Win32.Build.0 = Release|Win32
		{5F11951A-9DB3-454B-A90C-693387D4C85A}.Release|x64.ActiveCfg = Release|x64
		{5F11951A-9DB3-454B-A90C-693387D4C85A}.Release|x64.Build.0 = Release|x64
		{BA9900A1-6FB6-4A6E-A817-830CB6F3D009}.Debug|Win32.ActiveCfg = Debug|Win32
		{BA9900A1-6FB6-4A6E-A817-830CB6F3D009}.Debug|Win32.Build.0 = Debug|Win32
		{BA9900A1-6FB6-4A6E-A817-830CB6F3D009}.Debug|x64.ActiveCfg = Debug|x64
		{BA9900A1-6FB6-4A6E-A817-830CB6F3D009}.Debug|x64.Build.0 = Debug|x64
		{BA9900A1-6FB6-4A6E-A817-830CB6F3D009}.Release|Win32.ActiveCfg = Release|Win32
		{BA9900A1-6FB6-4A6E-A817-830CB6F3D009}.Release|Win32.Build.0 = Release|Win32
		{BA9900A1-6FB6-4A6E-A817-830CB6F3D009}.Release|x64.ActiveCfg = Release|x64
		{BA9900A1-6FB6-4A6E-A817-830CB6F3D009}.Release|x64.Build.0 = Release|x64
		{0FA07345-601B-474E-99C0-7E61E70DA72E}.Debug|Win32.ActiveCfg = Debug|Win32
		{0FA07345-601B-474E-99C0-7E61E70DA72E}.Debug|Win32.Build.0 = Debug|Win32
		{0FA07345-601B-474E-99C0-7E61E70DA72E}.Debug|x64.ActiveCfg = Debug|x64
		{0FA07345-601B-474E-99C0-7E61E70DA72E}.Debug|x64.Build.0 = Debug|x64
		{0FA07345-601B-474E-99C0-7E61E70DA72E}.Release|Win32.ActiveCfg = Release|Win32
		{0FA07345-601B-474E-99C0-7E61E70DA72E}.Release|Win32.Build.0 = Release|Win32
		{0FA07345-601B-474E-99C0-7E61E70DA72E}.Release|x64.ActiveCfg = Release|x64
		{0FA07345-601B-474E-99C0-7E61E70DA72E}.Release|x64.Build.0 = Release|x64
		{18CD506D-5596-4B58-B868-57FAAC657C6B}.Debug|Win32.ActiveCfg = Debug|Win32
		{18CD506D-5596-4B58-B868-57FAAC657C6B}.Debug|Win32.Build.0 = Debug|Win32
		{18CD506D-5596-4B58-B868-57FAAC657C6B}.Debug|x64.ActiveCfg = Debug|x64
		{18CD506D-5596-4B58-B868-57FAAC657C6B}.Debug|x64.Build.0 = Debug|x64
		{18CD506D-5596-4B58-B868-57FAAC657C6B}.Release|Win32.ActiveCfg = Release|Win32
		{18CD506D-5596-4B58-B868-57FAAC657C6B}.Release|Win32.Build.0 = Release|Win32
		{18CD506D-5596-4B58-B868-57FAAC657C6B}.Release|x64.ActiveCfg = Release|x64
		{18CD506D-5596-4B58-B868-57FAAC657C6B}.Release|x64.Build.0 = Release|x64
		{82BD93B4-0306-4DDC-87F6-84B906DBAA77}.Debug|Win32.ActiveCfg = Debug|Win32
		{82BD93B4-0306-4DDC-87F6-84B906DBAA77}.Debug|Win32.Build.0 = Debug|Win32
		{82BD93B4-0306-4DDC-87F6-84B906DBAA77}.Debug|x64.ActiveCfg = Debug|x64
		{82BD93B4-0306-4DDC-87F6-84B906DBAA77}.Debug|x64.Build.0 = Debug|x64
		{82BD93B4-0306-4DDC-87F6-84B906DBAA77}.Release|Win32.ActiveCfg = Release|Win32
		{82BD93B4-0306-4DDC-87F6-84B906DBAA77}.Release|Win32.Build.0 = Release|Win32
		{82BD93B4-0306-4DDC-87F6-84B906DBAA77}.Release|x64.ActiveCfg = Release|x64
		{82BD93B4-0306-4DDC-87F6-84B906DBAA77}.Release|x64.Build.0 = Release|x64
		{C13B39D8-BE5B-4FD0-8BE2-D2A2DD1FD837}.Debug|Win32.ActiveCfg = Debug|Win32
		{C13B39D8-BE5B-4FD0-8BE2-D2A2DD1FD837}.Debug|Win32.Build.0 = Debug|Win32
		{C13B39D8-BE5B-4FD0-8BE2-D2A2DD1FD837}.Debug|x64.ActiveCfg = Debug|x64
		{C13B39D8-BE5B-4FD0-8BE2-D2A2DD1FD837}.Debug|x64.Build.0 = Debug|x64
		{C13B39D8-BE5B-4FD0-8BE2-D2A2DD1FD837}.Release|Win32.ActiveCfg = Release|Win32
		{C13B39D8-BE5B-4FD0-8BE2-D2A2DD1FD837}.Release|Win32.Build.0 = Release|Win32
		{C13B39D8-BE5B-4FD0-8BE2-D2A2DD1FD837}.Release|x64.ActiveCfg = Release|x64
		{C13B39D8-BE5B-4FD0-8BE2-D2A2DD1FD837}.Release|x64.Build.0 = Release|x64
		{4B141102-3379-4F20-A9B0-F7418EFF3DAA}.Debug|Win32.ActiveCfg = Debug|Win32
		{4B141102-3379-4F20-A9B0-F7418EFF3DAA}.Debug|Win32.Build.0 = Debug|Win32
		{4B141102-3379-4F20-A9B0-F7418EFF3DAA}.Debug|x64.ActiveCfg = Debug|x64
		{4B141102-3379-4F20-A9B0-F7418EFF3DAA}.Debug|x64.Build.0 = Debug|x64
		{4B141102-3379-4F20-A9B0-F7418EFF3DAA}.Release|Win32.ActiveCfg = Release|Win32
		{4B141102-3379-4F20-A9B0-F7418EFF3DAA}.Release|Win32.Build.0 = Release|Win32
		{4B141102-3379-4F20-A9B0-F7418EFF3DAA}.Release|x64.ActiveCfg = Release|x64
		{4B141102-3379-4F20-A9B0-F7418EFF3DAA}.Release|x64.Build.0 = Release|x64
		{83E5EEBE-9764-4C5B-9FDC-EB84A369C501}.Debug|Win32.ActiveCfg = Debug|Win32
		{83E5EEBE-9764-4C5B-9FDC-EB84A369C501}.Debug|Win32.Build.0 = Debug|Win32
		{83E5EEBE-9764-4C5B-9FDC-EB84A369C501}.Debug|x64.ActiveCfg = Debug|x64
		{83E5EEBE-9764-4C5B-9FDC-EB84A369C501}.Debug|x64.Build.0 = Debug|x64
		{83E5EEBE-9764-4C5B-9FDC-EB84A369C501}.Release|Win32.ActiveCfg = Release|Win32
		{83E5EEBE-9764-4C5B-9FDC-EB84A369C501}.Release|Win32.Build.0 = Release|Win32
		{83E5EEBE-9764-4C5B-9FDC-EB84A369C501}.Release|x64.ActiveCfg = Release|x64
		{83E5EEBE-9764-4C5B-9FDC-EB84A369C501}.Release|x64.Build.0 = Release|x64
		{2EB07C98-0F3F-4CB6-B448-099770AF1989}.Debug|Win32.ActiveCfg = Debug|Win32
		{2EB07C98-0F3F-4CB6-B448-099770AF1989}.Debug|Win32.Build.0 = Debug|Win32
		{2EB07C98-0F3F-4CB6-B448-099770AF1989}.Debug|x64.ActiveCfg = Debug|x64
		{2EB07C98-0F3F-4CB6-B448-099770AF1989}.Debug|x64.Build.0 = Debug|x64
		{2EB07C98-0F3F-4CB6-B448-099770AF1989}.Release|Win32.ActiveCfg = Release|Win32
		{2EB07C98-0F3F-4CB6-B448-099770AF1989}.Release|Win32.Build.0 = Release|Win32
		{2EB07C98-0F3F-4CB6-B448-099770AF1989}.Release|x64.ActiveCfg = Release|x64
		{2EB07C98-0F3F-4CB6-B448-099770AF1989}.Release|x64.Build.0 = Release|x64
		{DA372A4B-7AE0-4C50-97B7-49D5FF953325}.Debug|Win32.ActiveCfg = Debug|Win32
		{DA372A4B-7AE0-4C50-97B7-49D5FF953325}.Debug|Win32.Build.0 = Debug|Win32
		{DA372A4B-7AE0-4C50-97B7-49D5FF953325}.Debug|x64.ActiveCfg = Debug|x64
		{DA372A4B-7AE0-4C50-97B7-49D5FF953325}.Debug|x64.Build.0 = Debug|x64
		{DA372A4B-7AE0-4C50-97B7-49D5FF953325}.Release|Win32.ActiveCfg = Release|Win32
		{DA372A4B-7AE0-4C50-97B7-49D5FF953325}.Release|Win32.Build.0 = Release|Win32
		{DA372A4B-7AE0-4C50-97B7-49D5FF953325}.Release|x64.ActiveCfg = Release|x64
		{DA372A4B-7AE0-4C50-97B7-49D5FF953325}.Release|x64.Build.0 = Release|x64
		{E99EA1C1-B4DE-454B-9500-C98F817C0D6A}.Debug|Win32.ActiveCfg = Debug|Win32
		{E99EA1C1-B4DE-454B-9500-C98F817C0D6A}.Debug|Win32.Build.0 = Debug|Win32
		{E99EA1C1-B4DE-454B-9500-C98F817C0D6A}.Debug|x64.ActiveCfg = Debug|x64
		{E99EA1C1-B4DE-454B-9500-C98F817C0D6A}.Debug|x64.Build.0 = Debug|x64
		{E99EA1C1-B4DE-454B-9500-C98F817C0D6A}.Release|Win32.ActiveCfg = Release|Win32
		{E99EA1C1-B4DE-454B-9500-C98F817C0D6A}.Release|Win32.Build.0 = Release|Win32
		{E99EA1C1-B4DE-454B-9500-C98F817C0D6A}.Release|x64.ActiveCfg = Release|x64
		{E99EA1C1-B4DE-454B-9500-C98F817C0D6A}.Release|x64.Build.0 = Release|x64
		{7924E6DE-69F4-40C2-951A-44AD3A54152D}.Debug|Win32.ActiveCfg = Debug|Win32
		{7924E6DE-69F4-40C2-951A-44AD3A54152D}.Debug|Win32.Build.0 = Debug|Win32
		{7924E6DE-69F4-40C2-951A-44AD3A54152D}.Debug|x64.ActiveCfg = Debug|x64
		{7924E6DE-69F4-40C2-951A-44AD3A54152D}.Debug|x64.Build.0 = Debug|x64
		{7924E6DE-69F4-40C2-951A-44AD3A54152D}.Release|Win32.ActiveCfg = Release|Win32
		{7924E6DE-69F4-40C2-951A-44AD3A54152D}.Release|Win32.Build.0 = Release|Win32
		{7924E6DE-69F4-40C2-951A-44AD3A54152D}.Release|x64.ActiveCfg = Release|x64
		{7924E6DE-69F4-40C2-951A-44AD3A54152D}.Release|x64.Build.0 = Release|x64
		{15428F5A-16F1-4DA5-9F12-0411183E3DC0}.Debug|Win32.ActiveCfg = Debug|Win32
		{15428F5A-16F1-4DA5-9F12-0411183E3DC0}.Debug|Win32.Build.0 = Debug|Win32
		{15428F5A-16F1-4DA5-9F12-0411183E3DC0}.Debug|x64.ActiveCfg = Debug|x64
		{15428F5A-16F1-4DA5-9F12-0411183E3DC0}.Debug|x64.Build.0 = Debug|x64
		{15428F5A-16F1-4DA5-9F12-0411183E3DC0}.Release|Win32.ActiveCfg = Release|Win32
		{15428F5A-16F1-4DA5-9F12-0411183E3DC0}.Release|Win32.Build.0 = Release|Win32
		{15428F5A-16F1-4DA5-9F12-0411183E3DC0}.Release|x64.ActiveCfg = Release|x64
		{15428F5A-16F1-4DA5-9F12-0411183E3DC0}.Release|x64.Build.0 = Release|x64
		{6503214A-CE25-45B5-84BB-61EEFB35D1A9}.Debug|Win32.ActiveCfg = Debug|Win32
		{6503214A-CE25-45B5-84BB-61EEFB35D1A9}.Debug|Win32.Build.0 = Debug|Win32
		{6503214A-CE25-45B5-84BB-61EEFB35D1A9}.Debug|x64.ActiveCfg = Debug|x64
		{6503214A-CE25-45B5-84BB-61EEFB35D1A9}.Debug|x64.Build.0 = Debug|x64
		{6503214A-CE25-45B5-84BB-61EEFB35D1A9}.Release|Win32.ActiveCfg = Release|Win32
		{6503214A-CE25-45B5-84BB-61EEFB35D1A9}.Release|Win32.Build.0 = Release|Win32
		{6503214A-CE25-45B5-84BB-61EEFB35D1A9}.Release|x64.ActiveCfg = Release|x64
		{6503214A-CE25-45B5-84BB-61EEFB35D1A9}.Release|x64.Build.0 = Release|x64
		{3E19AA6A-0935-4320-962A-C1E9378B387C}.Debug|Win32.ActiveCfg = Debug|Win32
		{3E19AA6A-0935-4320-962A-C1E9378B387C}.Debug|Win32.Build.0 = Debug|Win32
		{3E19AA6A-0935-4320-962A-C1E9378B387C}.Debug|x64.ActiveCfg = Debug|x64
		{3E19AA6A-0935-4320-962A-C1E9378B387C}.Debug|x64.Build.0 = Debug|x64
		{3E19AA6A-0935-4320-962A-C1E9378B387C}.Release|Win32.ActiveCfg = Release|Win32
		{3E19AA6A-0935-4320-962A-C1E9378B387C}.Release|Win32.Build.0 = Release|Win32
		{3E19AA6A-0935-4320-962A-C1E9378B387C}.Release|x64.ActiveCfg = Release|x64
		{3E19AA6A-0935-4320-962A-C1E9378B387C}.Release|x64.Build.0 = Release|x64
		{07C218D7-D510-4D63-95E8-F661F62ED418}.Debug|Win32.ActiveCfg = Debug|Win32
		{07C218D7-D510-4D63-95E8-F661F62ED418}.Debug|Win32.Build.0 = Debug|Win32
		{07C218D7-D510-4D63-95E8-F661F62ED418}.Debug|x64.ActiveCfg = Debug|x64
		{07C218D7-D510-4D63-95E8-F661F62ED418}.Debug|x64.Build.0 = Debug|x64
		{07C218D7-D510-4D63-95E8-F661F62ED418}.Release|Win32.ActiveCfg = Release|Win32
		{07C218D7-D510-4D63-95E8-F661F62ED418}.Release|Win32.Build.0 = Release|Win32
		{07C218D7-D510-4D63-95E8-F661F62ED418}.Release|x64.ActiveCfg = Release|x64
		{07C218D7-D510-4D63-95E8-F661F62ED418}.Release|x64.Build.0 = Release|x64
		{8346318F-632A-4514-AAD7-A93593759823}.Debug|Win32.ActiveCfg = Debug|Win32
		{8346318F-632A-4514-AAD7-A93593759823}.Debug|Win32.Build.0 = Debug|Win32
		{8346318F-632A-4514-AAD7-A93593759823}.Debug|x64.ActiveCfg = Debug|x64
		{8346318F-632A-4514-AAD7-A93593759823}.Debug|x64.Build.0 = Debug|x64
		{8346318F-632A-4514-AAD7-A93593759823}.Release|Win32.ActiveCfg = Release|Win32
		{8346318F-632A-4514-AAD7-A93593759823}.Release|Win32.Build.0 = Release|Win32
		{8346318F-632A-4514-AAD7-A93593759823}.Release|x64.ActiveCfg = Release|x64
		{8346318F-632A-4514-AAD7-A93593759823}.Release|x64.Build.0 = Release|x64
		{8BB7B168-FC6D-463A-BBE4-FA595BDD5753}.Debug|Win32.ActiveCfg = Debug|Win32
		{8BB7B168-FC6D-463A-BBE4-FA595BDD5753}.Debug|Win32.Build.0 = Debug|Win32
		{8BB7B168-FC6D-463A-BBE4-FA595BDD5753}.Debug|x64.ActiveCfg = Debug|x64
		{8BB7B168-FC6D-463A-BBE4-FA595BDD5753}.Debug|x64.Build.0 = Debug|x64
		{8BB7B168-FC6D-463A-BBE4-FA595BDD5753}.Release|Win32.ActiveCfg = Release|Win32
		{8BB7B168-FC6D-463A-BBE4-FA595BDD5753}.Release|Win32.Build.0 = Release|Win32
		{8BB7B168-FC6D-463A-BBE4-FA595BDD5753}.Release|x64.ActiveCfg = Release|x64
		{8BB7B168-FC6D-463A-BBE4-FA595BDD5753}.Release|x64.Build.0 = Release|x64
		{B7C9135A-C4AA-4A85-B361-B610B442B57C}.Debug|Win32.ActiveCfg = Debug|Win32
		{B7C9135A-C4AA-4A85-B361-B610B442B57C}.Debug|Win32.Build.0 = Debug|Win32
		{B7C9135A-C4AA-4A85-B361-B610B442B57C}.Debug|x64.ActiveCfg = Debug|x64
		{B7C9135A-C4AA-4A85-B361-B610B442B57C}.Debug|x64.Build.0 = Debug|x64
		{B7C9135A-C4AA-4A85-B361-B610B442B57C}.Release|Win32.ActiveCfg = Release|Win32
		{B7C9135A-C4AA-4A85-B361-B610B442B57C}.Release|Win32.Build.0 = Release|Win32
		{B7C9135A-C4AA-4A85-B361-B610B442B57C}.Release|x64.ActiveCfg = Release|x64
		{B7C9135A-C4AA-4A85-B361-B610B442B57C}.Release|x64.Build.0 = Release|x64
		{8CA91C67-2C5E-4983-8EA1-AF4675211A2C}.Debug|Win32.ActiveCfg = Debug|Win32
		{8CA91C67-2C5E-4983-8EA1-AF4675211A2C}.Debug|Win32.Build.0 = Debug|Win32
		{8CA91C67-2C5E-4983-8EA1-AF4675211A2C}.Debug|x64.ActiveCfg = Debug|x64
		{8CA91C67-2C5E-4983-8EA1-AF4675211A2C}.Debug|x64.Build.0 = Debug|x64
		{8CA91C67-2C5E-4983-8EA1-AF4675211A2C}.Release|Win32.ActiveCfg = Release|Win32
		{8CA91C67-2C5E-4983-8EA1-AF4675211A2C}.Release|Win32.Build.0 = Release|Win32
		{8CA91C67-2C5E-4983-8EA1-AF4675211A2C}.Release|x64.ActiveCfg = Release|x64
		{8CA91C67-2C5E-4983-8EA1-AF4675211A2C}.Release|x64.Build.0 = Release|x64
		{B3CF6147-AD32-4238-B6C5-9A88BA503567}.Debug|Win32.ActiveCfg = Debug|Win32
		{B3CF6147-AD32-4238-B6C5-9A88BA503567}.Debug|Win32.Build.0 = Debug|Win32
		{B3CF6147-AD32-4238-B6C5-9A88BA503567}.Debug|x64.ActiveCfg = Debug|x64
		{B3CF6147-AD32-4238-B6C5-9A88BA503567}.Debug|x64.Build.0 = Debug|x64
		{B3CF6147-AD32-4238-B6C5-9A88BA503567}.Release|Win32.ActiveCfg = Release|Win32
		{B3CF6147-AD32-4238-B6C5-9A88BA503567}.Release|Win32.Build.0 = Release|Win32
		{B3CF6147-AD32-4238-B6C5-9A88BA503567}.Release|x64.ActiveCfg = Release|x64
		{B3CF6147-AD32-4238-B6C5-9A88BA503567}.Release|x64.Build.0 = Release|x64
		{39D75486-E269-4640-97BF-04DAC9209AD8}.Debug|Win32.ActiveCfg = Debug|Win32
		{39D75486-E269-4640-97BF-04DAC9209AD8}.Debug|Win32.Build.0 = Debug|Win32
		{39D75486-E269-4640-97BF-04DAC9209AD8}.Debug|x64.ActiveCfg = Debug|x64
		{39D75486-E269-4640-97BF-04DAC9209AD8}.Debug|x64.Build.0 = Debug|x64
		{39D75486-E269-4640-97BF-04DAC9209AD8}.Release|Win32.ActiveCfg = Release|Win32
		{39D75486-E269-4640-97BF-04DAC9209AD8}.Release|Win32.Build.0 = Release|Win32
		{39D75486-E269-4640-97BF-04DAC9209AD8}.Release|x64.ActiveCfg = Release|x64
		{39D75486-E269-4640-97BF-04DAC9209AD8}.Release|x64.Build.0 = Release|x64
		{9794F3C3-74C5-4CE3-BF3C-B47E5F4BD0F7}.Debug|Win32.ActiveCfg = Debug|Win32
		{9794F3C3-74C5-4CE3-BF3C-B47E5F4BD0F7}.Debug|Win32.Build.0 = Debug|Win32
		{9794F3C3-74C5-4CE3-BF3C-B47E5F4BD0F7}.Debug|x64.ActiveCfg = Debug|x64
		{9794F3C3-74C5-4CE3-BF3C-B47E5F4BD0F7}.Debug|x64.Build.0 = Debug|x64
		{9794F3C3-74C5-4CE3-BF3C-B47E5F4BD0F7}.Release|Win32.ActiveCfg = Release|Win32
		{9794F3C3-74C5-4CE3-BF3C-B47E5F4BD0F7}.Release|Win32.Build.0 = Release|Win32
		{9794F3C3-74C5-4CE3-BF3C-B47E5F4BD0F7}.Release|x64.ActiveCfg = Release|x64
		{9794F3C3-74C5-4CE3-BF3C-B47E5F4BD0F7}.Release|x64.Build.0 = Release|x64
		{8876A80E-C4A6-423B-B279-427C039BDAC8}.Debug|Win32.ActiveCfg = Debug|Win32
		{8876A80E-C4A6-423B-B279-427C039BDAC8}.Debug|Win32.Build.0 = Debug|Win32
		{8876A80E-C4A6-423B-B279-427C039BDAC8}.Debug|x64.ActiveCfg = Debug|x64
		{8876A80E-C4A6-423B-B279-427C039BDAC8}.Debug|x64.Build.0 = Debug|x64
		{8876A80E-C4A6-423B-B279-427C039BDAC8}.Release|Win32.ActiveCfg = Release|Win32
		{8876A80E-C4A6-423B-B279-427C039BDAC8}.Release|Win32.Build.0 = Release|Win32
		{8876A80E-C4A6-423B-B279-427C039BDAC8}.Release|x64.ActiveCfg = Release|x64
		{8876A80E-C4A6-423B-B279-427C039BDAC8}.Release|x64.Build.0 = Release|x64
		{C8DF31BC-9280-4663-93DF-FDCFFC298269}.Debug|Win32.ActiveCfg = Debug|Win32
		{C8DF31BC-9280-4663-93DF-FDCFFC298269}.Debug|Win32.Build.0 = Debug|Win32
		{C8DF31BC-9280-4663-93DF-FDCFFC298269}.Debug|x64.ActiveCfg = Debug|x64
		{C8DF31BC-9280-4663-93DF-FDCFFC298269}.Debug|x64.Build.0 = Debug|x64
		{C8DF31BC-9280-4663-93DF-FDCFFC298269}.Release|Win32.ActiveCfg = Release|Win32
		{C8DF31BC-9280-4663-93DF-FDCFFC298269}.Release|Win32.Build.0 = Release|Win32
		{C8DF31BC-9280-4663-93DF-FDCFFC298269}.Release|x64.ActiveCfg = Release|x64
		{C8DF31BC-9280-4663-93DF-FDCFFC298269}.Release|x64.Build.0 = Release|x64
		{85333322-C153-4101-89BB-36B8EF86DFEF}.Debug|Win32.ActiveCfg = Debug|Win32
		{85333322-C153-4101-89BB-36B8EF86DFEF}.Debug|Win32.Build.0 = Debug|Win32
		{85333322-C153-4101-89BB-36B8EF86DFEF}.Debug|x64.ActiveCfg = Debug|x64
		{85333322-C153-4101-89BB-36B8EF86DFEF}.Debug|x64.Build.0 = Debug|x64
		{85333322-C153-4101-89BB-36B8EF86DFEF}.Release|Win32.ActiveCfg = Release|Win32
		{85333322-C153-4101-89BB-36B8EF86DFEF}.Release|Win32.Build.0 = Release|Win32
		{85333322-C153-4101-89BB-36B8EF86DFEF}.Release|x64.ActiveCfg = Release|x64
		{85333322-C153-4101-89BB-36B8EF86DFEF}.Release|x64.Build.0 = Release|x64
		{CC891C3A-8A32-46EA-B80A-0D1DED2BCFB1}.Debug|Win32.ActiveCfg = Debug|Win32
		{CC891C3A-8A32-46EA-B80A-0D1DED2BCFB1}.Debug|Win32.Build.0 = Debug|Win32
		{CC891C3A-8A32-46EA-B80A-0D1DED2BCFB1}.Debug|x64.ActiveCfg = Debug|x64
		{CC891C3A-8A32-46EA-B80A-0D1DED2BCFB1}.Debug|x64.Build.0 = Debug|x64
		{CC891C3A-8A32-46EA-B80A-0D1DED2BCFB1}.Release|Win32.ActiveCfg = Release|Win32
		{CC891C3A-8A32-46EA-B80A-0D1DED2BCFB1}.Release|Win32.Build.0 = Release|Win32
		{CC891C3A-8A32-46EA-B80A-0D1DED2BCFB1}.Release|x64.ActiveCfg = Release|x64
		{CC891C3A-8A32-46EA-B80A-0D1DED2BCFB1}.Release|x64.Build.0 = Release|x64
		{55D166D9-9B48-4048-9EDC-856066F60C87}.Debug|Win32.ActiveCfg = Debug|Win32
		{55D166D9-9B48-4048-9EDC-856066F60C87}.Debug|Win32.Build.0 = Debug|Win32
		{55D166D9-9B48-4048-9EDC-856066F60C87}.Debug|x64.ActiveCfg = Debug|x64
		{55D166D9-9B48-4048-9EDC-856066F60C87}.Debug|x64.Build.0 = Debug|x64
		{55D166D9-9B48-4048-9EDC-856066F60C87}.Release|Win32.ActiveCfg = Release|Win32
		{55D166D9-9B48-4048-9EDC-856066F60C87}.Release|Win32.Build.0 = Release|Win32
		{55D166D9-9B48-4048-9EDC-856066F60C87}.Release|x64.ActiveCfg = Release|x64
		{55D166D9-9B48-4048-9EDC-856066F60C87}.Release|x64.Build.0 = Release|x64
		{2AD33E48-FEC6-47B1-8FEF-A0CF1F23DD58}.Debug|Win32.ActiveCfg = Debug|Win32
		{2AD33E48-FEC6-47B1-8FEF-A0CF1F23DD58}.Debug|Win32.Build.0 = Debug|Win32
		{2AD33E48-FEC6-47B1-8FEF-A0CF1F23DD58}.Debug|x64.ActiveCfg = Debug|x64
		{2AD33E48-FEC6-47B1-8FEF-A0CF1F23DD58}.Debug|x64.Build.0 = Debug|x64
		{2AD33E48-FEC6-47B1-8FEF-A0CF1F23DD58}.Release|Win32.ActiveCfg = Release|Win32
		{2AD33E48-FEC6-47B1-8FEF-A0CF1F23DD58}.Release|Win32.Build.0 = Release|Win32
		{2AD33E48-FEC6-47B1-8FEF-A0CF1F23DD58}.Release|x64.ActiveCfg = Release|x64
		{2AD33E48-FEC6-47B1-8FEF-A0CF1F23DD58}.Release|x64.Build.0 = Release|x64
		{B6757299-D2DD-4103-834D-45227AC13CB7}.Debug|Win32.ActiveCfg = Debug|Win32
		{B6757299-D2DD-4103-834D-45227AC13CB7}.Debug|Win32.Build.0 = Debug|Win32
		{B6757299-D2DD-4103-834D-45227AC13CB7}.Debug|x64.ActiveCfg = Debug|x64
		{B6757299-D2DD-4103-834D-45227AC13CB7}.Debug|x64.Build.0 = Debug|x64
		{B6757299-D2DD-4103-834D-45227AC13CB7}.Release|Win32.ActiveCfg = Release|Win32
		{B6757299-D2DD-4103-834D-45227AC13CB7}.Release|Win32.Build.0 = Release|Win32
		{B6757299-D2DD-4103-834D-45227AC13CB7}.Release|x64.ActiveCfg = Release|x64
		{B6757299-D2DD-4103-834D-45227AC13CB7}.Release|x64.Build.0 = Release|x64
	EndGlobalSection
	GlobalSection(SolutionProperties) = preSolution
		HideSolutionNode = FALSE
	EndGlobalSection
	GlobalSection(NestedProjects) = preSolution
		{0049F8CF-1BEC-4E6E-B457-0187A33AD522} = {3F7359FE-EC69-42E8-BB21-7E59D622D57D}
		{BAAD32AB-CD47-12FD-873C-0BBC204B7641} = {C3735E17-6EAE-4CC5-980E-30BCEF094862}
		{781B17E7-427F-488F-A8E9-360BA38A10F3} = {D21C1F85-6FA3-4695-82CD-DDC5690E2D66}
		{5877B917-512B-49F5-B514-1B4159E7A9CA} = {C3735E17-6EAE-4CC5-980E-30BCEF094862}
		{146D0122-33C6-4C1B-9E7A-178DEC80842E} = {8C28F8E6-5B4E-4233-B5C7-5A903596AEB2}
		{EC255B64-2C2F-4CB6-9D40-4542893FE5E6} = {8C28F8E6-5B4E-4233-B5C7-5A903596AEB2}
		{3B8C289D-FF47-4237-AD7B-0702230F41A3} = {8C28F8E6-5B4E-4233-B5C7-5A903596AEB2}
		{9DC82B0D-2484-4925-92AD-1237C64CCB78} = {8C28F8E6-5B4E-4233-B5C7-5A903596AEB2}
		{C8E80B4C-C0FD-4119-A05A-AB372A61007F} = {8C28F8E6-5B4E-4233-B5C7-5A903596AEB2}
		{9B31015C-CB08-4B4B-A957-313A93F862F5} = {8C28F8E6-5B4E-4233-B5C7-5A903596AEB2}
		{ADCA49F0-D91B-4AB9-913A-5840DCA8C79E} = {8C28F8E6-5B4E-4233-B5C7-5A903596AEB2}
		{29AB36E1-284E-4E0B-9DF4-F4F84760BD9B} = {8FD783D5-8709-432D-A88E-6E3073AFF220}
		{BF3DEE96-735B-4A5E-95DD-3D3661B62EEF} = {8FD783D5-8709-432D-A88E-6E3073AFF220}
		{5996B101-46FE-48E4-8531-376140086DA4} = {8FD783D5-8709-432D-A88E-6E3073AFF220}
		{53DB2F85-DEEA-4FC0-A89F-1DF5B534A250} = {8FD783D5-8709-432D-A88E-6E3073AFF220}
		{491C39D2-2E1D-4DF7-B6BF-9641B7757FC4} = {8FD783D5-8709-432D-A88E-6E3073AFF220}
		{E0DEC59F-D155-46D8-8866-9F305CC75A2B} = {8FD783D5-8709-432D-A88E-6E3073AFF220}
		{954B9D26-1735-4674-8279-FF2C44E4258B} = {8FD783D5-8709-432D-A88E-6E3073AFF220}
		{7E16647B-CA40-43E8-8ABB-E4C430C186CA} = {8C28F8E6-5B4E-4233-B5C7-5A903596AEB2}
		{73B1A06D-F536-4F39-80AA-798A1E8023DE} = {8FD783D5-8709-432D-A88E-6E3073AFF220}
		{76A53B4D-3011-4AAB-8DE9-C0D080FA95CF} = {8C28F8E6-5B4E-4233-B5C7-5A903596AEB2}
		{4D474510-CD21-4EF7-974D-706775B1A83C} = {8FD783D5-8709-432D-A88E-6E3073AFF220}
		{4484EA6C-AA9D-4DE4-BAA1-535FFFEFE49E} = {8C28F8E6-5B4E-4233-B5C7-5A903596AEB2}
		{AB02DFC9-B0C0-488C-9BF9-E90B0402F30E} = {8C28F8E6-5B4E-4233-B5C7-5A903596AEB2}
		{5F11951A-9DB3-454B-A90C-693387D4C85A} = {8FD783D5-8709-432D-A88E-6E3073AFF220}
		{BA9900A1-6FB6-4A6E-A817-830CB6F3D009} = {8FD783D5-8709-432D-A88E-6E3073AFF220}
		{0FA07345-601B-474E-99C0-7E61E70DA72E} = {8C28F8E6-5B4E-4233-B5C7-5A903596AEB2}
		{18CD506D-5596-4B58-B868-57FAAC657C6B} = {8FD783D5-8709-432D-A88E-6E3073AFF220}
		{82BD93B4-0306-4DDC-87F6-84B906DBAA77} = {8C28F8E6-5B4E-4233-B5C7-5A903596AEB2}
		{C13B39D8-BE5B-4FD0-8BE2-D2A2DD1FD837} = {8FD783D5-8709-432D-A88E-6E3073AFF220}
		{4B141102-3379-4F20-A9B0-F7418EFF3DAA} = {8C28F8E6-5B4E-4233-B5C7-5A903596AEB2}
		{83E5EEBE-9764-4C5B-9FDC-EB84A369C501} = {8FD783D5-8709-432D-A88E-6E3073AFF220}
		{490D24BD-21E0-4BAD-B2D4-0A3BEC347AA9} = {6E5B87EB-C468-4334-8384-E9A3F0F6FBDA}
		{2EB07C98-0F3F-4CB6-B448-099770AF1989} = {8C28F8E6-5B4E-4233-B5C7-5A903596AEB2}
		{DA372A4B-7AE0-4C50-97B7-49D5FF953325} = {8FD783D5-8709-432D-A88E-6E3073AFF220}
		{8FD783D5-8709-432D-A88E-6E3073AFF220} = {D21C1F85-6FA3-4695-82CD-DDC5690E2D66}
		{8C28F8E6-5B4E-4233-B5C7-5A903596AEB2} = {C3735E17-6EAE-4CC5-980E-30BCEF094862}
		{E99EA1C1-B4DE-454B-9500-C98F817C0D6A} = {8C28F8E6-5B4E-4233-B5C7-5A903596AEB2}
		{7924E6DE-69F4-40C2-951A-44AD3A54152D} = {8FD783D5-8709-432D-A88E-6E3073AFF220}
		{15428F5A-16F1-4DA5-9F12-0411183E3DC0} = {8C28F8E6-5B4E-4233-B5C7-5A903596AEB2}
		{6503214A-CE25-45B5-84BB-61EEFB35D1A9} = {8FD783D5-8709-432D-A88E-6E3073AFF220}
		{3E19AA6A-0935-4320-962A-C1E9378B387C} = {8FD783D5-8709-432D-A88E-6E3073AFF220}
		{07C218D7-D510-4D63-95E8-F661F62ED418} = {8C28F8E6-5B4E-4233-B5C7-5A903596AEB2}
		{8346318F-632A-4514-AAD7-A93593759823} = {8FD783D5-8709-432D-A88E-6E3073AFF220}
		{8BB7B168-FC6D-463A-BBE4-FA595BDD5753} = {8C28F8E6-5B4E-4233-B5C7-5A903596AEB2}
		{B7C9135A-C4AA-4A85-B361-B610B442B57C} = {8C28F8E6-5B4E-4233-B5C7-5A903596AEB2}
		{8CA91C67-2C5E-4983-8EA1-AF4675211A2C} = {8FD783D5-8709-432D-A88E-6E3073AFF220}
		{B3CF6147-AD32-4238-B6C5-9A88BA503567} = {8FD783D5-8709-432D-A88E-6E3073AFF220}
		{39D75486-E269-4640-97BF-04DAC9209AD8} = {8FD783D5-8709-432D-A88E-6E3073AFF220}
		{9794F3C3-74C5-4CE3-BF3C-B47E5F4BD0F7} = {8FD783D5-8709-432D-A88E-6E3073AFF220}
		{8876A80E-C4A6-423B-B279-427C039BDAC8} = {8C28F8E6-5B4E-4233-B5C7-5A903596AEB2}
		{C8DF31BC-9280-4663-93DF-FDCFFC298269} = {8C28F8E6-5B4E-4233-B5C7-5A903596AEB2}
		{85333322-C153-4101-89BB-36B8EF86DFEF} = {8C28F8E6-5B4E-4233-B5C7-5A903596AEB2}
		{CC891C3A-8A32-46EA-B80A-0D1DED2BCFB1} = {8FD783D5-8709-432D-A88E-6E3073AFF220}
		{55D166D9-9B48-4048-9EDC-856066F60C87} = {8C28F8E6-5B4E-4233-B5C7-5A903596AEB2}
		{2AD33E48-FEC6-47B1-8FEF-A0CF1F23DD58} = {8FD783D5-8709-432D-A88E-6E3073AFF220}
		{B6757299-D2DD-4103-834D-45227AC13CB7} = {8C28F8E6-5B4E-4233-B5C7-5A903596AEB2}
	EndGlobalSection
	GlobalSection(ExtensibilityGlobals) = postSolution
		SolutionGuid = {C0B8FE68-ECBC-4173-9027-E1EC2C9B5BDF}
	EndGlobalSection
EndGlobal
