<?xml version="1.0" encoding="utf-8"?>
<Project ToolsVersion="4.0" xmlns="http://schemas.microsoft.com/developer/msbuild/2003">
  <ItemGroup>
    <Filter Include="Source Files">
      <UniqueIdentifier>{4FC737F1-C7A5-4376-A066-2A32D752A2FF}</UniqueIdentifier>
      <Extensions>cpp;c;cc;cxx;c++;cppm;ixx;def;odl;idl;hpj;bat;asm;asmx</Extensions>
    </Filter>
    <Filter Include="Header Files">
      <UniqueIdentifier>{93995380-89BD-4b04-88EB-625FBE52EBFB}</UniqueIdentifier>
      <Extensions>h;hh;hpp;hxx;h++;hm;inl;inc;ipp;xsd</Extensions>
    </Filter>
    <Filter Include="Resource Files">
      <UniqueIdentifier>{67DA6AB6-F800-4c08-8B7A-83BB121AAD01}</UniqueIdentifier>
      <Extensions>rc;ico;cur;bmp;dlg;rc2;rct;bin;rgs;gif;jpg;jpeg;jpe;resx;tiff;tif;png;wav;mfcribbon-ms</Extensions>
    </Filter>
    <Filter Include="scripts">
      <UniqueIdentifier>{fa13b33a-f2d9-4d2f-8ad4-b03e597c2551}</UniqueIdentifier>
    </Filter>
    <Filter Include="lexers">
      <UniqueIdentifier>{27c55e47-67fa-43d3-83f6-b9c801ea6532}</UniqueIdentifier>
    </Filter>
    <Filter Include="lexers_x">
      <UniqueIdentifier>{0087651a-f9f8-4b96-a61b-9d58c9eedada}</UniqueIdentifier>
    </Filter>
  </ItemGroup>
  <ItemGroup>
    <ClInclude Include="src\Lexilla.h">
      <Filter>Header Files</Filter>
    </ClInclude>
    <ClInclude Include="src\lexers_x\CharSetX.h">
      <Filter>lexers_x</Filter>
    </ClInclude>
    <ClInclude Include="src\lexers_x\SciXLexer.h">
      <Filter>lexers_x</Filter>
    </ClInclude>
    <ClInclude Include="src\lexers_x\LexerUtils.h">
      <Filter>lexers_x</Filter>
    </ClInclude>
  </ItemGroup>
  <ItemGroup>
    <ClCompile Include="src\Lexilla.cxx">
      <Filter>Source Files</Filter>
    </ClCompile>
    <ClCompile Include="..\scintilla\lexers\LexAsm.cxx">
      <Filter>lexers</Filter>
    </ClCompile>
    <ClCompile Include="..\scintilla\lexers\LexAU3.cxx">
      <Filter>lexers</Filter>
    </ClCompile>
    <ClCompile Include="..\scintilla\lexers\LexAVS.cxx">
      <Filter>lexers</Filter>
    </ClCompile>
    <ClCompile Include="..\scintilla\lexers\LexBash.cxx">
      <Filter>lexers</Filter>
    </ClCompile>
    <ClCompile Include="..\scintilla\lexers\LexBatch.cxx">
      <Filter>lexers</Filter>
    </ClCompile>
    <ClCompile Include="..\scintilla\lexers\LexCmake.cxx">
      <Filter>lexers</Filter>
    </ClCompile>
    <ClCompile Include="..\scintilla\lexers\LexCoffeeScript.cxx">
      <Filter>lexers</Filter>
    </ClCompile>
    <ClCompile Include="..\scintilla\lexers\LexConf.cxx">
      <Filter>lexers</Filter>
    </ClCompile>
    <ClCompile Include="..\scintilla\lexers\LexCPP.cxx">
      <Filter>lexers</Filter>
    </ClCompile>
    <ClCompile Include="..\scintilla\lexers\LexCSS.cxx">
      <Filter>lexers</Filter>
    </ClCompile>
    <ClCompile Include="..\scintilla\lexers\LexD.cxx">
      <Filter>lexers</Filter>
    </ClCompile>
    <ClCompile Include="..\scintilla\lexers\LexDiff.cxx">
      <Filter>lexers</Filter>
    </ClCompile>
    <ClCompile Include="..\scintilla\lexers\LexHTML.cxx">
      <Filter>lexers</Filter>
    </ClCompile>
    <ClCompile Include="..\scintilla\lexers\LexInno.cxx">
      <Filter>lexers</Filter>
    </ClCompile>
    <ClCompile Include="..\scintilla\lexers\LexJSON.cxx">
      <Filter>lexers</Filter>
    </ClCompile>
    <ClCompile Include="..\scintilla\lexers\LexLaTeX.cxx">
      <Filter>lexers</Filter>
    </ClCompile>
    <ClCompile Include="..\scintilla\lexers\LexLua.cxx">
      <Filter>lexers</Filter>
    </ClCompile>
    <ClCompile Include="..\scintilla\lexers\LexMake.cxx">
      <Filter>lexers</Filter>
    </ClCompile>
    <ClCompile Include="..\scintilla\lexers\LexMarkdown.cxx">
      <Filter>lexers</Filter>
    </ClCompile>
    <ClCompile Include="..\scintilla\lexers\LexMatlab.cxx">
      <Filter>lexers</Filter>
    </ClCompile>
    <ClCompile Include="..\scintilla\lexers\LexNim.cxx">
      <Filter>lexers</Filter>
    </ClCompile>
    <ClCompile Include="..\scintilla\lexers\LexNsis.cxx">
      <Filter>lexers</Filter>
    </ClCompile>
    <ClCompile Include="..\scintilla\lexers\LexNull.cxx">
      <Filter>lexers</Filter>
    </ClCompile>
    <ClCompile Include="..\scintilla\lexers\LexPascal.cxx">
      <Filter>lexers</Filter>
    </ClCompile>
    <ClCompile Include="..\scintilla\lexers\LexPerl.cxx">
      <Filter>lexers</Filter>
    </ClCompile>
    <ClCompile Include="..\scintilla\lexers\LexPowerShell.cxx">
      <Filter>lexers</Filter>
    </ClCompile>
    <ClCompile Include="..\scintilla\lexers\LexProps.cxx">
      <Filter>lexers</Filter>
    </ClCompile>
    <ClCompile Include="..\scintilla\lexers\LexPython.cxx">
      <Filter>lexers</Filter>
    </ClCompile>
    <ClCompile Include="..\scintilla\lexers\LexR.cxx">
      <Filter>lexers</Filter>
    </ClCompile>
    <ClCompile Include="..\scintilla\lexers\LexRegistry.cxx">
      <Filter>lexers</Filter>
    </ClCompile>
    <ClCompile Include="..\scintilla\lexers\LexRuby.cxx">
      <Filter>lexers</Filter>
    </ClCompile>
    <ClCompile Include="..\scintilla\lexers\LexRust.cxx">
      <Filter>lexers</Filter>
    </ClCompile>
    <ClCompile Include="..\scintilla\lexers\LexSQL.cxx">
      <Filter>lexers</Filter>
    </ClCompile>
    <ClCompile Include="..\scintilla\lexers\LexTCL.cxx">
      <Filter>lexers</Filter>
    </ClCompile>
    <ClCompile Include="..\scintilla\lexers\LexVB.cxx">
      <Filter>lexers</Filter>
    </ClCompile>
    <ClCompile Include="..\scintilla\lexers\LexVHDL.cxx">
      <Filter>lexers</Filter>
    </ClCompile>
    <ClCompile Include="..\scintilla\lexers\LexYAML.cxx">
      <Filter>lexers</Filter>
    </ClCompile>
    <ClCompile Include="src\lexers_x\LexAHKL.cxx">
      <Filter>lexers_x</Filter>
    </ClCompile>
    <ClCompile Include="src\lexers_x\LexCSV.cxx">
      <Filter>lexers_x</Filter>
    </ClCompile>
    <ClCompile Include="src\lexers_x\LexTOML.cxx">
      <Filter>lexers_x</Filter>
    </ClCompile>
    <ClCompile Include="src\lexers_x\LexDart.cxx">
      <Filter>lexers_x</Filter>
    </ClCompile>
    <ClCompile Include="src\lexers_x\LexKotlin.cxx">
      <Filter>lexers_x</Filter>
    </ClCompile>
  </ItemGroup>
  <ItemGroup>
    <ResourceCompile Include="src\LexillaVersion.rc">
      <Filter>Resource Files</Filter>
    </ResourceCompile>
  </ItemGroup>
  <ItemGroup>
    <None Include="src\lexers_x\SciX.iface">
      <Filter>lexers_x</Filter>
    </None>
  </ItemGroup>
</Project>