<?xml version="1.0" encoding="utf-8"?>
<Project ToolsVersion="4.0" xmlns="http://schemas.microsoft.com/developer/msbuild/2003">
  <ItemGroup>
    <Filter Include="Source Files">
      <UniqueIdentifier>{4FC737F1-C7A5-4376-A066-2A32D752A2FF}</UniqueIdentifier>
      <Extensions>cpp;c;cc;cxx;c++;cppm;ixx;def;odl;idl;hpj;bat;asm;asmx</Extensions>
    </Filter>
    <Filter Include="Header Files">
      <UniqueIdentifier>{93995380-89BD-4b04-88EB-625FBE52EBFB}</UniqueIdentifier>
      <Extensions>h;hh;hpp;hxx;h++;hm;inl;inc;ipp;xsd</Extensions>
    </Filter>
    <Filter Include="Resource Files">
      <UniqueIdentifier>{67DA6AB6-F800-4c08-8B7A-83BB121AAD01}</UniqueIdentifier>
      <Extensions>rc;ico;cur;bmp;dlg;rc2;rct;bin;rgs;gif;jpg;jpeg;jpe;resx;tiff;tif;png;wav;mfcribbon-ms</Extensions>
    </Filter>
    <Filter Include="scripts">
      <UniqueIdentifier>{fa13b33a-f2d9-4d2f-8ad4-b03e597c2551}</UniqueIdentifier>
    </Filter>
    <Filter Include="lexers">
      <UniqueIdentifier>{27c55e47-67fa-43d3-83f6-b9c801ea6532}</UniqueIdentifier>
    </Filter>
    <Filter Include="lexers_x">
      <UniqueIdentifier>{0087651a-f9f8-4b96-a61b-9d58c9eedada}</UniqueIdentifier>
    </Filter>
    <Filter Include="lexlib">
      <UniqueIdentifier>{3478064f-95da-45ac-92ef-6fa23a3a8a6f}</UniqueIdentifier>
    </Filter>
  </ItemGroup>
  <ItemGroup>
    <ClInclude Include="lexers_x\CharSetX.h">
      <Filter>lexers_x</Filter>
    </ClInclude>
    <ClInclude Include="lexers_x\SciXLexer.h">
      <Filter>lexers_x</Filter>
    </ClInclude>
    <ClInclude Include="lexers_x\LexerUtils.h">
      <Filter>lexers_x</Filter>
    </ClInclude>
    <ClInclude Include="lexlib\Accessor.h">
      <Filter>lexlib</Filter>
    </ClInclude>
    <ClInclude Include="lexlib\CatalogueModules.h">
      <Filter>lexlib</Filter>
    </ClInclude>
    <ClInclude Include="lexlib\CharacterCategory.h">
      <Filter>lexlib</Filter>
    </ClInclude>
    <ClInclude Include="lexlib\CharacterSet.h">
      <Filter>lexlib</Filter>
    </ClInclude>
    <ClInclude Include="lexlib\DefaultLexer.h">
      <Filter>lexlib</Filter>
    </ClInclude>
    <ClInclude Include="lexlib\LexAccessor.h">
      <Filter>lexlib</Filter>
    </ClInclude>
    <ClInclude Include="lexlib\LexerBase.h">
      <Filter>lexlib</Filter>
    </ClInclude>
    <ClInclude Include="lexlib\LexerModule.h">
      <Filter>lexlib</Filter>
    </ClInclude>
    <ClInclude Include="lexlib\LexerNoExceptions.h">
      <Filter>lexlib</Filter>
    </ClInclude>
    <ClInclude Include="lexlib\LexerSimple.h">
      <Filter>lexlib</Filter>
    </ClInclude>
    <ClInclude Include="lexlib\OptionSet.h">
      <Filter>lexlib</Filter>
    </ClInclude>
    <ClInclude Include="lexlib\PropSetSimple.h">
      <Filter>lexlib</Filter>
    </ClInclude>
    <ClInclude Include="lexlib\SparseState.h">
      <Filter>lexlib</Filter>
    </ClInclude>
    <ClInclude Include="lexlib\StringCopy.h">
      <Filter>lexlib</Filter>
    </ClInclude>
    <ClInclude Include="lexlib\StyleContext.h">
      <Filter>lexlib</Filter>
    </ClInclude>
    <ClInclude Include="lexlib\SubStyles.h">
      <Filter>lexlib</Filter>
    </ClInclude>
    <ClInclude Include="lexlib\WordList.h">
      <Filter>lexlib</Filter>
    </ClInclude>
    <ClInclude Include="include\Lexilla.h">
      <Filter>Header Files</Filter>
    </ClInclude>
    <ClInclude Include="include\SciLexer.h">
      <Filter>Header Files</Filter>
    </ClInclude>
    <ClInclude Include="lexers_x\StringUtils.h">
      <Filter>lexers_x</Filter>
    </ClInclude>
  </ItemGroup>
  <ItemGroup>
    <ClCompile Include="src\Lexilla.cxx">
      <Filter>Source Files</Filter>
    </ClCompile>
    <ClCompile Include="lexers\LexAsm.cxx">
      <Filter>lexers</Filter>
    </ClCompile>
    <ClCompile Include="lexers\LexAU3.cxx">
      <Filter>lexers</Filter>
    </ClCompile>
    <ClCompile Include="lexers\LexAVS.cxx">
      <Filter>lexers</Filter>
    </ClCompile>
    <ClCompile Include="lexers\LexBash.cxx">
      <Filter>lexers</Filter>
    </ClCompile>
    <ClCompile Include="lexers\LexBatch.cxx">
      <Filter>lexers</Filter>
    </ClCompile>
    <ClCompile Include="lexers\LexCmake.cxx">
      <Filter>lexers</Filter>
    </ClCompile>
    <ClCompile Include="lexers\LexCoffeeScript.cxx">
      <Filter>lexers</Filter>
    </ClCompile>
    <ClCompile Include="lexers\LexConf.cxx">
      <Filter>lexers</Filter>
    </ClCompile>
    <ClCompile Include="lexers\LexCPP.cxx">
      <Filter>lexers</Filter>
    </ClCompile>
    <ClCompile Include="lexers\LexCSS.cxx">
      <Filter>lexers</Filter>
    </ClCompile>
    <ClCompile Include="lexers\LexD.cxx">
      <Filter>lexers</Filter>
    </ClCompile>
    <ClCompile Include="lexers\LexDiff.cxx">
      <Filter>lexers</Filter>
    </ClCompile>
    <ClCompile Include="lexers\LexHTML.cxx">
      <Filter>lexers</Filter>
    </ClCompile>
    <ClCompile Include="lexers\LexInno.cxx">
      <Filter>lexers</Filter>
    </ClCompile>
    <ClCompile Include="lexers\LexLaTeX.cxx">
      <Filter>lexers</Filter>
    </ClCompile>
    <ClCompile Include="lexers\LexLua.cxx">
      <Filter>lexers</Filter>
    </ClCompile>
    <ClCompile Include="lexers\LexMake.cxx">
      <Filter>lexers</Filter>
    </ClCompile>
    <ClCompile Include="lexers\LexMatlab.cxx">
      <Filter>lexers</Filter>
    </ClCompile>
    <ClCompile Include="lexers\LexNim.cxx">
      <Filter>lexers</Filter>
    </ClCompile>
    <ClCompile Include="lexers\LexNsis.cxx">
      <Filter>lexers</Filter>
    </ClCompile>
    <ClCompile Include="lexers\LexNull.cxx">
      <Filter>lexers</Filter>
    </ClCompile>
    <ClCompile Include="lexers\LexPascal.cxx">
      <Filter>lexers</Filter>
    </ClCompile>
    <ClCompile Include="lexers\LexPerl.cxx">
      <Filter>lexers</Filter>
    </ClCompile>
    <ClCompile Include="lexers\LexPowerShell.cxx">
      <Filter>lexers</Filter>
    </ClCompile>
    <ClCompile Include="lexers\LexProps.cxx">
      <Filter>lexers</Filter>
    </ClCompile>
    <ClCompile Include="lexers\LexR.cxx">
      <Filter>lexers</Filter>
    </ClCompile>
    <ClCompile Include="lexers\LexRegistry.cxx">
      <Filter>lexers</Filter>
    </ClCompile>
    <ClCompile Include="lexers\LexRuby.cxx">
      <Filter>lexers</Filter>
    </ClCompile>
    <ClCompile Include="lexers\LexRust.cxx">
      <Filter>lexers</Filter>
    </ClCompile>
    <ClCompile Include="lexers\LexSQL.cxx">
      <Filter>lexers</Filter>
    </ClCompile>
    <ClCompile Include="lexers\LexTCL.cxx">
      <Filter>lexers</Filter>
    </ClCompile>
    <ClCompile Include="lexers\LexVB.cxx">
      <Filter>lexers</Filter>
    </ClCompile>
    <ClCompile Include="lexers\LexVHDL.cxx">
      <Filter>lexers</Filter>
    </ClCompile>
    <ClCompile Include="lexers\LexYAML.cxx">
      <Filter>lexers</Filter>
    </ClCompile>
    <ClCompile Include="lexers_x\LexCSV.cxx">
      <Filter>lexers_x</Filter>
    </ClCompile>
    <ClCompile Include="lexers_x\LexTOML.cxx">
      <Filter>lexers_x</Filter>
    </ClCompile>
    <ClCompile Include="lexers_x\LexDart.cxx">
      <Filter>lexers_x</Filter>
    </ClCompile>
    <ClCompile Include="lexers_x\LexKotlin.cxx">
      <Filter>lexers_x</Filter>
    </ClCompile>
    <ClCompile Include="lexers_x\LexJSON.cxx">
      <Filter>lexers_x</Filter>
    </ClCompile>
    <ClCompile Include="lexlib\Accessor.cxx">
      <Filter>lexlib</Filter>
    </ClCompile>
    <ClCompile Include="lexlib\CharacterCategory.cxx">
      <Filter>lexlib</Filter>
    </ClCompile>
    <ClCompile Include="lexlib\CharacterSet.cxx">
      <Filter>lexlib</Filter>
    </ClCompile>
    <ClCompile Include="lexlib\DefaultLexer.cxx">
      <Filter>lexlib</Filter>
    </ClCompile>
    <ClCompile Include="lexlib\LexerBase.cxx">
      <Filter>lexlib</Filter>
    </ClCompile>
    <ClCompile Include="lexlib\LexerModule.cxx">
      <Filter>lexlib</Filter>
    </ClCompile>
    <ClCompile Include="lexlib\LexerNoExceptions.cxx">
      <Filter>lexlib</Filter>
    </ClCompile>
    <ClCompile Include="lexlib\LexerSimple.cxx">
      <Filter>lexlib</Filter>
    </ClCompile>
    <ClCompile Include="lexlib\PropSetSimple.cxx">
      <Filter>lexlib</Filter>
    </ClCompile>
    <ClCompile Include="lexlib\StyleContext.cxx">
      <Filter>lexlib</Filter>
    </ClCompile>
    <ClCompile Include="lexlib\WordList.cxx">
      <Filter>lexlib</Filter>
    </ClCompile>
    <ClCompile Include="lexers_x\LexerUtils.cxx">
      <Filter>lexers_x</Filter>
    </ClCompile>
    <ClCompile Include="lexers\LexJulia.cxx">
      <Filter>lexers</Filter>
    </ClCompile>
    <ClCompile Include="lexlib\LexAccessor.cxx">
      <Filter>lexlib</Filter>
    </ClCompile>
    <ClCompile Include="lexers\LexFortran.cxx">
      <Filter>lexers</Filter>
    </ClCompile>
    <ClCompile Include="lexers_x\LexAHK.cxx">
      <Filter>lexers_x</Filter>
    </ClCompile>
    <ClCompile Include="lexers\LexKix.cxx">
      <Filter>lexers</Filter>
    </ClCompile>
    <ClCompile Include="lexers\LexMarkdown.cxx">
      <Filter>lexers</Filter>
    </ClCompile>
    <ClCompile Include="lexers\LexPython.cxx">
      <Filter>lexers</Filter>
    </ClCompile>
    <ClCompile Include="lexers_x\LexVerilog.cxx">
      <Filter>lexers_x</Filter>
    </ClCompile>
  </ItemGroup>
  <ItemGroup>
    <ResourceCompile Include="src\LexillaVersion.rc">
      <Filter>Resource Files</Filter>
    </ResourceCompile>
  </ItemGroup>
  <ItemGroup>
    <None Include="include\LexicalStyles.iface">
      <Filter>Header Files</Filter>
    </None>
    <None Include="lexers_x\SciX.iface">
      <Filter>lexers_x</Filter>
    </None>
  </ItemGroup>
</Project>