<?xml version="1.0" encoding="utf-8"?>
<Project ToolsVersion="4.0" xmlns="http://schemas.microsoft.com/developer/msbuild/2003">
  <ItemGroup>
    <Filter Include="Header Files">
      <UniqueIdentifier>{93995380-89BD-4b04-88EB-625FBE52EBFB}</UniqueIdentifier>
      <Extensions>h;hpp;hxx;hm;inl;inc;xsd</Extensions>
    </Filter>
    <Filter Include="Resource Files">
      <UniqueIdentifier>{67DA6AB6-F800-4c08-8B7A-83BB121AAD01}</UniqueIdentifier>
      <Extensions>rc;ico;cur;bmp;dlg;rc2;rct;bin;rgs;gif;jpg;jpeg;jpe;resx</Extensions>
    </Filter>
    <Filter Include="Source Files">
      <UniqueIdentifier>{4FC737F1-C7A5-4376-A066-2A32D752A2FF}</UniqueIdentifier>
      <Extensions>cpp;c;cc;cxx;def;odl;idl;hpj;bat;asm;asmx</Extensions>
    </Filter>
    <Filter Include="Crypto">
      <UniqueIdentifier>{aad339da-f291-4358-9ab1-a0fdee012ac6}</UniqueIdentifier>
    </Filter>
    <Filter Include="templates">
      <UniqueIdentifier>{e817f780-f742-48b4-bc9c-2ab762ced6bc}</UniqueIdentifier>
    </Filter>
  </ItemGroup>
  <ItemGroup>
    <ClCompile Include="Dialogs.c">
      <Filter>Source Files</Filter>
    </ClCompile>
    <ClCompile Include="Dlapi.c">
      <Filter>Source Files</Filter>
    </ClCompile>
    <ClCompile Include="Edit.c">
      <Filter>Source Files</Filter>
    </ClCompile>
    <ClCompile Include="Helpers.c">
      <Filter>Source Files</Filter>
    </ClCompile>
    <ClCompile Include="Print.cpp">
      <Filter>Source Files</Filter>
    </ClCompile>
    <ClCompile Include="Styles.c">
      <Filter>Source Files</Filter>
    </ClCompile>
    <ClCompile Include="Notepad3.c">
      <Filter>Source Files</Filter>
    </ClCompile>
    <ClCompile Include="..\crypto\crypto.c">
      <Filter>Crypto</Filter>
    </ClCompile>
    <ClCompile Include="..\crypto\rijndael-alg-fst.c">
      <Filter>Crypto</Filter>
    </ClCompile>
    <ClCompile Include="..\crypto\rijndael-api-fst.c">
      <Filter>Crypto</Filter>
    </ClCompile>
    <ClCompile Include="..\crypto\sha-256.c">
      <Filter>Crypto</Filter>
    </ClCompile>
  </ItemGroup>
  <ItemGroup>
    <ClInclude Include="Dialogs.h">
      <Filter>Header Files</Filter>
    </ClInclude>
    <ClInclude Include="Dlapi.h">
      <Filter>Header Files</Filter>
    </ClInclude>
    <ClInclude Include="Edit.h">
      <Filter>Header Files</Filter>
    </ClInclude>
    <ClInclude Include="Helpers.h">
      <Filter>Header Files</Filter>
    </ClInclude>
    <ClInclude Include="SciCall.h">
      <Filter>Header Files</Filter>
    </ClInclude>
    <ClInclude Include="Styles.h">
      <Filter>Header Files</Filter>
    </ClInclude>
    <ClInclude Include="resource.h">
      <Filter>Header Files</Filter>
    </ClInclude>
    <ClInclude Include="Version.h">
      <Filter>Header Files</Filter>
    </ClInclude>
    <ClInclude Include="Notepad3.h">
      <Filter>Header Files</Filter>
    </ClInclude>
    <ClInclude Include="..\crypto\crypto.h">
      <Filter>Crypto</Filter>
    </ClInclude>
    <ClInclude Include="..\crypto\rijndael-alg-fst.h">
      <Filter>Crypto</Filter>
    </ClInclude>
    <ClInclude Include="..\crypto\rijndael-api-fst.h">
      <Filter>Crypto</Filter>
    </ClInclude>
    <ClInclude Include="..\crypto\sha-256.h">
      <Filter>Crypto</Filter>
    </ClInclude>
    <ClInclude Include="VersionEx.h">
      <Filter>Resource Files</Filter>
    </ClInclude>
    <ClInclude Include="TypeDefs.h">
      <Filter>Header Files</Filter>
    </ClInclude>
  </ItemGroup>
  <ItemGroup>
    <None Include="..\res\Copy.cur">
      <Filter>Resource Files</Filter>
    </None>
    <None Include="..\res\Encoding.bmp">
      <Filter>Resource Files</Filter>
    </None>
    <None Include="..\res\Next.bmp">
      <Filter>Resource Files</Filter>
    </None>
    <None Include="..\res\Open.bmp">
      <Filter>Resource Files</Filter>
    </None>
    <None Include="..\res\Pick.bmp">
      <Filter>Resource Files</Filter>
    </None>
    <None Include="..\res\Prev.bmp">
      <Filter>Resource Files</Filter>
    </None>
    <None Include="..\res\Run.ico">
      <Filter>Resource Files</Filter>
    </None>
    <None Include="..\res\Styles.ico">
      <Filter>Resource Files</Filter>
    </None>
    <None Include="..\res\Toolbar.bmp">
      <Filter>Resource Files</Filter>
    </None>
    <None Include="Notepad3.ver">
      <Filter>Resource Files</Filter>
    </None>
    <None Include="..\Versions\Notepad3.exe.manifest.tpl">
      <Filter>templates</Filter>
    </None>
    <None Include="..\Versions\VersionEx.h.tpl">
      <Filter>templates</Filter>
    </None>
    <None Include="..\Build\Notepad3.ini">
      <Filter>Resource Files</Filter>
    </None>
  </ItemGroup>
  <ItemGroup>
    <Image Include="..\res\Notepad3.ico">
      <Filter>Resource Files</Filter>
    </Image>
    <Image Include="..\res\Toolbar2.bmp">
      <Filter>Resource Files</Filter>
    </Image>
    <Image Include="..\res\Notepad3_128.ico">
      <Filter>Resource Files</Filter>
    </Image>
    <Image Include="..\res\rizonesoft.bmp">
      <Filter>Resource Files</Filter>
    </Image>
  </ItemGroup>
  <ItemGroup>
    <ResourceCompile Include="Notepad3.rc">
      <Filter>Resource Files</Filter>
    </ResourceCompile>
  </ItemGroup>
  <ItemGroup>
    <Manifest Include="..\res\Notepad3.exe.manifest">
      <Filter>Resource Files</Filter>
    </Manifest>
  </ItemGroup>
  <ItemGroup>
    <Text Include="..\Versions\build.txt">
      <Filter>templates</Filter>
    </Text>
  </ItemGroup>
</Project>